// !$*UTF8*$!
{
	archiveVersion = 1;
	classes = {
	};
	objectVersion = 56;
	objects = {

/* Begin PBXBuildFile section */
		0ACB577AB9E389F40FBCD589 /* TriageError.swift in Sources */ = {isa = PBXBuildFile; fileRef = 0590E57D39E9938D9B36C738 /* TriageError.swift */; };
		0DCAED9359AD488A5F712C08 /* ReviewTestDoubles.swift in Sources */ = {isa = PBXBuildFile; fileRef = A43B6867EFF6F4B3D1161353 /* ReviewTestDoubles.swift */; };
		0ED33408917B0F1CF34CCFC2 /* TestTags.swift in Sources */ = {isa = PBXBuildFile; fileRef = BA1E65353EF6F88FC859E0D7 /* TestTags.swift */; };
		13B854BD94857DC6FB00F9E9 /* RecognizeScreenshotTextUseCase.swift in Sources */ = {isa = PBXBuildFile; fileRef = 4C1AE1624EA37BBFDD7C7869 /* RecognizeScreenshotTextUseCase.swift */; };
		17E477066152AA1BD17A99C1 /* Assets.xcassets in Resources */ = {isa = PBXBuildFile; fileRef = A43FE831A4BC8426E6689C03 /* Assets.xcassets */; };
		1A4605BF2552D13C3DC7BB88 /* GlassCard.swift in Sources */ = {isa = PBXBuildFile; fileRef = 9D2F267ADC28E3E38EC40280 /* GlassCard.swift */; };
		1B27251B6AD00C04DC64A5FD /* TriageView.swift in Sources */ = {isa = PBXBuildFile; fileRef = 0244570B34CFD4B7380757C0 /* TriageView.swift */; };
		2146665DA89A3D461F58A7F7 /* Strings.swift in Sources */ = {isa = PBXBuildFile; fileRef = D05D6CA1102658E0FC552100 /* Strings.swift */; };
		22D510635688E99CC0707756 /* ReviewViewModelTests.swift in Sources */ = {isa = PBXBuildFile; fileRef = 40E5018115CD6637FF909F87 /* ReviewViewModelTests.swift */; };
		29C40DBC8A8F14AF0B63CBB0 /* HeroMetricText.swift in Sources */ = {isa = PBXBuildFile; fileRef = 36B194757255571A816E3539 /* HeroMetricText.swift */; };
		2F06B76ABD683C492B0BE03F /* SnapTriageIcon.icon in Resources */ = {isa = PBXBuildFile; fileRef = BE49DB378D23F6F4068E3669 /* SnapTriageIcon.icon */; };
		30469DCED1A2E5EFDFF09009 /* FoundationModelScreenshotCategorizer.swift in Sources */ = {isa = PBXBuildFile; fileRef = 9D44D8A99F85FBBD0BD85BA1 /* FoundationModelScreenshotCategorizer.swift */; };
		3849B91D5412A569515BE2B0 /* FallbackScreenshotCategorizer.swift in Sources */ = {isa = PBXBuildFile; fileRef = 82D4EBD367F429D246C09885 /* FallbackScreenshotCategorizer.swift */; };
		38B05C10CE1E18802E9BEFE6 /* FallbackScreenshotCategorizerTests.swift in Sources */ = {isa = PBXBuildFile; fileRef = 1ACE2D732C581FF9719CAC9A /* FallbackScreenshotCategorizerTests.swift */; };
		3AD3D3E71E8C607430D45A00 /* LoadReviewItemsUseCase.swift in Sources */ = {isa = PBXBuildFile; fileRef = 962E03B3AE75031762EB31C2 /* LoadReviewItemsUseCase.swift */; };
		3BF4EE2424CDED6BE72972FE /* RecordTriageDecisionUseCase.swift in Sources */ = {isa = PBXBuildFile; fileRef = 1EE77130537C36EAB490A9E5 /* RecordTriageDecisionUseCase.swift */; };
		3D53A9052D2FB37FB4A5860E /* ImageContentClassifier.swift in Sources */ = {isa = PBXBuildFile; fileRef = B8FD43BB9954D5151295E66D /* ImageContentClassifier.swift */; };
		40864CDCCFFE7166B0FC175F /* TriageViewModel.swift in Sources */ = {isa = PBXBuildFile; fileRef = 96E74A2B0CC8658D3890000F /* TriageViewModel.swift */; };
		43F5EEBE45DADFD12F8533F7 /* LiquidGlass.swift in Sources */ = {isa = PBXBuildFile; fileRef = DBC3867CA58A176131910DA2 /* LiquidGlass.swift */; };
		44D48983B05E1B7731430801 /* OverviewRouter.swift in Sources */ = {isa = PBXBuildFile; fileRef = BEAC4D33849613118BBC3BA5 /* OverviewRouter.swift */; };
		45CB7AA6892BF69752BF0812 /* ReviewComposition.swift in Sources */ = {isa = PBXBuildFile; fileRef = 6694FA44F818F4A5BFC09BE6 /* ReviewComposition.swift */; };
		497D8C688D7BBA8486CB996B /* PersistedDictionary.swift in Sources */ = {isa = PBXBuildFile; fileRef = 899BB95130A4C602309B513C /* PersistedDictionary.swift */; };
		49898DDCB78FAB6772125DAE /* AppComposition.swift in Sources */ = {isa = PBXBuildFile; fileRef = 0A773D22AF59C4D017172A44 /* AppComposition.swift */; };
		502A7245217F5EC25D2B383D /* OverviewView.swift in Sources */ = {isa = PBXBuildFile; fileRef = 63C12DFFCC365439E7F0F01C /* OverviewView.swift */; };
		516394BC76CE07D173E12881 /* ObservePhotoLibraryUseCase.swift in Sources */ = {isa = PBXBuildFile; fileRef = A97F7D383C7250B116EA174B /* ObservePhotoLibraryUseCase.swift */; };
		57B068DE1D889C7C1320429E /* BackgroundTaskAssertion.swift in Sources */ = {isa = PBXBuildFile; fileRef = 66ECC20CF9224E685AEAA0F2 /* BackgroundTaskAssertion.swift */; };
		5F967497B43A77B59E4AD5AB /* Palette.swift in Sources */ = {isa = PBXBuildFile; fileRef = 2A8CC5A0C8AB224F76FC172B /* Palette.swift */; };
		6089CF6764642E412F82B396 /* OverviewViewModelTests.swift in Sources */ = {isa = PBXBuildFile; fileRef = B09DC6CFF4863506B2227BC5 /* OverviewViewModelTests.swift */; };
		6284BB7BF85153D902A607FA /* ReviewItemView.swift in Sources */ = {isa = PBXBuildFile; fileRef = 97BD6D27663370D28DDADA1E /* ReviewItemView.swift */; };
		6547E5456AC0BFDAE69271C7 /* TriageDecision.swift in Sources */ = {isa = PBXBuildFile; fileRef = 0CE1F35E12425E6977C8A897 /* TriageDecision.swift */; };
		68970EA1B9CF8C5CFCE4E679 /* ForegroundNotificationPresenter.swift in Sources */ = {isa = PBXBuildFile; fileRef = 0C98138EE952E9EF94F5297A /* ForegroundNotificationPresenter.swift */; };
		68AFD31D44B515D38638DB6B /* OCRStore.swift in Sources */ = {isa = PBXBuildFile; fileRef = 7DCF2EE05280B4D90FE591FB /* OCRStore.swift */; };
		7333AE4C53DC3CBD84B68836 /* CategoryStore.swift in Sources */ = {isa = PBXBuildFile; fileRef = 0BF57C5A4FBD94D447CDE9D5 /* CategoryStore.swift */; };
		7E7B0C76B5B9B5B58F6C6530 /* ClearTriageDecisionsUseCase.swift in Sources */ = {isa = PBXBuildFile; fileRef = 1E4ADC120FD90F3552B0B53A /* ClearTriageDecisionsUseCase.swift */; };
		7F4E179BDAACE9ADA2D39003 /* DeleteScreenshotsUseCaseTests.swift in Sources */ = {isa = PBXBuildFile; fileRef = 722C73933C870FC12D3102C9 /* DeleteScreenshotsUseCaseTests.swift */; };
		7F7632E46AC5591CA8982595 /* OCRResult.swift in Sources */ = {isa = PBXBuildFile; fileRef = 4D56E506AA6A793CA1AF74AD /* OCRResult.swift */; };
		80CC41A5E77B95CD2E32B60D /* ScreenshotThumbnailView.swift in Sources */ = {isa = PBXBuildFile; fileRef = 7763160A48CDF1789B81AA93 /* ScreenshotThumbnailView.swift */; };
		8646A08B7AA5B102F46AEC33 /* OverviewComposition.swift in Sources */ = {isa = PBXBuildFile; fileRef = FD77B384C150F95CB5BB9640 /* OverviewComposition.swift */; };
		8A3585A1EB291E5C5B46A985 /* TextRecognitionService.swift in Sources */ = {isa = PBXBuildFile; fileRef = 9A46128844A7AA182054B6E9 /* TextRecognitionService.swift */; };
		91AF7C220B08A9793476B37A /* ClassificationCompletionStore.swift in Sources */ = {isa = PBXBuildFile; fileRef = 0F2D9FF20AAFFD76BE2BAF3A /* ClassificationCompletionStore.swift */; };
		95FBA02DFA5B2C208FBD4C57 /* LoadReviewItemsUseCaseTests.swift in Sources */ = {isa = PBXBuildFile; fileRef = 351A2941BED148CD1B825572 /* LoadReviewItemsUseCaseTests.swift */; };
		9A3CB684340E3366868F90C7 /* RequestPhotoAccessUseCase.swift in Sources */ = {isa = PBXBuildFile; fileRef = F50DA958E0D78F6A9F8C89F4 /* RequestPhotoAccessUseCase.swift */; };
		9CB762A655E9E75020A06081 /* ScreenshotCategorizer.swift in Sources */ = {isa = PBXBuildFile; fileRef = 1E4E49DE27EF9236FEBDBE90 /* ScreenshotCategorizer.swift */; };
		A06C5B3815DEE901B5E59BF4 /* OverviewViewModel.swift in Sources */ = {isa = PBXBuildFile; fileRef = 0CC82B337921E4E6CFEAFDC1 /* OverviewViewModel.swift */; };
		A23A6407F1D934A7D0D80EC6 /* TriageDecisionStore.swift in Sources */ = {isa = PBXBuildFile; fileRef = A8CD2E3C6FCF8C3E74FF9FD5 /* TriageDecisionStore.swift */; };
		A814B38772B95C92AEBA141F /* MetricFormatter.swift in Sources */ = {isa = PBXBuildFile; fileRef = 4CF1CBF61E0168CD873C9B27 /* MetricFormatter.swift */; };
		AA95A9988CA5161CBAD56338 /* PersistedDictionaryTests.swift in Sources */ = {isa = PBXBuildFile; fileRef = 7122A39108AF5B302273EE48 /* PersistedDictionaryTests.swift */; };
		ACB4104A2A81165AD153851D /* ReviewView.swift in Sources */ = {isa = PBXBuildFile; fileRef = 93C320DAF4EEE0CD4643313B /* ReviewView.swift */; };
		AF7B452AF33605401CFF93D9 /* TriageViewModelTests.swift in Sources */ = {isa = PBXBuildFile; fileRef = E3ADB887A54D35398A90D951 /* TriageViewModelTests.swift */; };
		B1AD401334158560CAA981F5 /* PruneScreenshotRecordsUseCase.swift in Sources */ = {isa = PBXBuildFile; fileRef = 816A3C527A3AF8C31CB35354 /* PruneScreenshotRecordsUseCase.swift */; };
		B37F4066EE4963CC64FD0A8F /* PhotoLibraryAuthorization.swift in Sources */ = {isa = PBXBuildFile; fileRef = AA37028B8EBC0A63AFFA8729 /* PhotoLibraryAuthorization.swift */; };
		BF70B95BA47498A0FFA9ACCF /* SnapTriageApp.swift in Sources */ = {isa = PBXBuildFile; fileRef = 69DE7EE572E181AFC46A22A4 /* SnapTriageApp.swift */; };
		C0CEC4D10BF3AD3E00249F91 /* ClassifyLibraryUseCase.swift in Sources */ = {isa = PBXBuildFile; fileRef = 084939A28E45D163DB7D5C73 /* ClassifyLibraryUseCase.swift */; };
		C11932B0B3900A5528A238D2 /* OCRLine.swift in Sources */ = {isa = PBXBuildFile; fileRef = 8411E5F8C425D1D6BF2DD7EE /* OCRLine.swift */; };
		C79D9216B53C79B629227AEB /* PhotoLibraryService.swift in Sources */ = {isa = PBXBuildFile; fileRef = 302282FB12167756913D0F01 /* PhotoLibraryService.swift */; };
		CA1A9650D43282816DBD948F /* Spacing.swift in Sources */ = {isa = PBXBuildFile; fileRef = E982F4DFB284B5D9867B60B2 /* Spacing.swift */; };
		CB9BDDB1DD37CCA5A35F45A9 /* AppRootView.swift in Sources */ = {isa = PBXBuildFile; fileRef = A4CC4413DCCA1E4E9D62221A /* AppRootView.swift */; };
		CDCB1EE95F9CC41DB5718D3A /* HeuristicScreenshotCategorizerTests.swift in Sources */ = {isa = PBXBuildFile; fileRef = AEE4A1EDB54A174D7E5295BD /* HeuristicScreenshotCategorizerTests.swift */; };
		D0EAAE05365493F81A5A8C1F /* Screenshot.swift in Sources */ = {isa = PBXBuildFile; fileRef = 581059809D5F042C8A5D7D92 /* Screenshot.swift */; };
		D1358BE42A7FB119253515D2 /* ReviewRouter.swift in Sources */ = {isa = PBXBuildFile; fileRef = A944DD8BF13BA2683503229E /* ReviewRouter.swift */; };
		D2C5842254775A3E9C0ABFE4 /* LoadScreenshotsUseCase.swift in Sources */ = {isa = PBXBuildFile; fileRef = 65602E8C050A0226860FFAA6 /* LoadScreenshotsUseCase.swift */; };
		D619EDE6CC0422B0AF034EC4 /* ReviewItem.swift in Sources */ = {isa = PBXBuildFile; fileRef = 9BEC4CA3D9966A5335535F0D /* ReviewItem.swift */; };
		DA7161D21C7AB414D37267A7 /* TriageRouter.swift in Sources */ = {isa = PBXBuildFile; fileRef = EAF2F8D48A2EA4D76302BBD6 /* TriageRouter.swift */; };
		DB43238FAB8BD648E37124F3 /* CategorizeScreenshotUseCase.swift in Sources */ = {isa = PBXBuildFile; fileRef = 361C6D2FDE448AC2371A9D21 /* CategorizeScreenshotUseCase.swift */; };
		DD95FB2EEF16B3F6A7E072EC /* CategorizeScreenshotUseCaseTests.swift in Sources */ = {isa = PBXBuildFile; fileRef = 70E8C9B972844D5F1C7CFE05 /* CategorizeScreenshotUseCaseTests.swift */; };
		E054C22594D8CDED4512D252 /* BackgroundClassificationCoordinator.swift in Sources */ = {isa = PBXBuildFile; fileRef = CAEA4818DD51083ECFE05E41 /* BackgroundClassificationCoordinator.swift */; };
		E79D413C53D8AEE9D89A003A /* AppNavigation.swift in Sources */ = {isa = PBXBuildFile; fileRef = EA2C5E510CDEB1C44C24888B /* AppNavigation.swift */; };
		EABF8A9228F0D46FD68F9A2E /* LoadTriageProgressUseCase.swift in Sources */ = {isa = PBXBuildFile; fileRef = 3AD0EDD7D4F0994CBE38961B /* LoadTriageProgressUseCase.swift */; };
		EC7E8BBC11AFECD0FA74C897 /* ScreenshotDisposition.swift in Sources */ = {isa = PBXBuildFile; fileRef = 3CDD24F0F552B8E79A14BC38 /* ScreenshotDisposition.swift */; };
		F201C24755B084E6C4F35ACF /* Localizable.xcstrings in Resources */ = {isa = PBXBuildFile; fileRef = 240B022BE64B8954FE0435F6 /* Localizable.xcstrings */; };
		F3C5B5C866B4D92B2FAF5731 /* ClassificationNotifier.swift in Sources */ = {isa = PBXBuildFile; fileRef = B11532FF38991702DAC46CDF /* ClassificationNotifier.swift */; };
		F3F2804DF7E9FC802E2B1D12 /* ReviewViewModel.swift in Sources */ = {isa = PBXBuildFile; fileRef = 301C2D7FF30FDFF6B5635AB4 /* ReviewViewModel.swift */; };
		F614B17A2DD99DB4991995A8 /* CategorizerTestDoubles.swift in Sources */ = {isa = PBXBuildFile; fileRef = 61A8E75279720F0E0B36139D /* CategorizerTestDoubles.swift */; };
		F68674A44FBE9FC892187C2F /* TriageStat.swift in Sources */ = {isa = PBXBuildFile; fileRef = 35A2648E2DA86DB49D085F0F /* TriageStat.swift */; };
		F914378DEAE9530C6363D077 /* DeleteScreenshotsUseCase.swift in Sources */ = {isa = PBXBuildFile; fileRef = 747F33D3A531731028D83F59 /* DeleteScreenshotsUseCase.swift */; };
		FC5321430583666C35AC8793 /* TriageComposition.swift in Sources */ = {isa = PBXBuildFile; fileRef = DA69FE98F7842167D0BA4A03 /* TriageComposition.swift */; };
		FEAA66E777FAB99D051561BB /* ScreenshotCategory.swift in Sources */ = {isa = PBXBuildFile; fileRef = 5FF1C3BEDFDFB19537B109E8 /* ScreenshotCategory.swift */; };
/* End PBXBuildFile section */

/* Begin PBXContainerItemProxy section */
		0A0A0E090000000000000001 /* PBXContainerItemProxy */ = {
			isa = PBXContainerItemProxy;
			containerPortal = 0A0A00410000000000000001 /* Project object */;
			proxyType = 1;
			remoteGlobalIDString = 0A0A00400000000000000001;
			remoteInfo = SnapTriage;
		};
/* End PBXContainerItemProxy section */

/* Begin PBXFileReference section */
		0244570B34CFD4B7380757C0 /* TriageView.swift */ = {isa = PBXFileReference; lastKnownFileType = sourcecode.swift; path = TriageView.swift; sourceTree = "<group>"; };
		0590E57D39E9938D9B36C738 /* TriageError.swift */ = {isa = PBXFileReference; lastKnownFileType = sourcecode.swift; path = TriageError.swift; sourceTree = "<group>"; };
		084939A28E45D163DB7D5C73 /* ClassifyLibraryUseCase.swift */ = {isa = PBXFileReference; lastKnownFileType = sourcecode.swift; path = ClassifyLibraryUseCase.swift; sourceTree = "<group>"; };
		0A0A00130000000000000001 /* SnapTriage.app */ = {isa = PBXFileReference; explicitFileType = wrapper.application; includeInIndex = 0; path = SnapTriage.app; sourceTree = BUILT_PRODUCTS_DIR; };
		0A0A0E000000000000000001 /* SnapTriageTests.xctest */ = {isa = PBXFileReference; explicitFileType = wrapper.cfbundle; includeInIndex = 0; path = SnapTriageTests.xctest; sourceTree = BUILT_PRODUCTS_DIR; };
		0A773D22AF59C4D017172A44 /* AppComposition.swift */ = {isa = PBXFileReference; lastKnownFileType = sourcecode.swift; path = AppComposition.swift; sourceTree = "<group>"; };
		0BF57C5A4FBD94D447CDE9D5 /* CategoryStore.swift */ = {isa = PBXFileReference; lastKnownFileType = sourcecode.swift; path = CategoryStore.swift; sourceTree = "<group>"; };
		0C98138EE952E9EF94F5297A /* ForegroundNotificationPresenter.swift */ = {isa = PBXFileReference; lastKnownFileType = sourcecode.swift; path = ForegroundNotificationPresenter.swift; sourceTree = "<group>"; };
		0CC82B337921E4E6CFEAFDC1 /* OverviewViewModel.swift */ = {isa = PBXFileReference; lastKnownFileType = sourcecode.swift; path = OverviewViewModel.swift; sourceTree = "<group>"; };
		0CE1F35E12425E6977C8A897 /* TriageDecision.swift */ = {isa = PBXFileReference; lastKnownFileType = sourcecode.swift; path = TriageDecision.swift; sourceTree = "<group>"; };
		0F2D9FF20AAFFD76BE2BAF3A /* ClassificationCompletionStore.swift */ = {isa = PBXFileReference; lastKnownFileType = sourcecode.swift; path = ClassificationCompletionStore.swift; sourceTree = "<group>"; };
		1ACE2D732C581FF9719CAC9A /* FallbackScreenshotCategorizerTests.swift */ = {isa = PBXFileReference; lastKnownFileType = sourcecode.swift; path = FallbackScreenshotCategorizerTests.swift; sourceTree = "<group>"; };
		1E4ADC120FD90F3552B0B53A /* ClearTriageDecisionsUseCase.swift */ = {isa = PBXFileReference; lastKnownFileType = sourcecode.swift; path = ClearTriageDecisionsUseCase.swift; sourceTree = "<group>"; };
		1E4E49DE27EF9236FEBDBE90 /* ScreenshotCategorizer.swift */ = {isa = PBXFileReference; lastKnownFileType = sourcecode.swift; path = ScreenshotCategorizer.swift; sourceTree = "<group>"; };
		1EE77130537C36EAB490A9E5 /* RecordTriageDecisionUseCase.swift */ = {isa = PBXFileReference; lastKnownFileType = sourcecode.swift; path = RecordTriageDecisionUseCase.swift; sourceTree = "<group>"; };
		240B022BE64B8954FE0435F6 /* Localizable.xcstrings */ = {isa = PBXFileReference; lastKnownFileType = text.json.xcstrings; path = Localizable.xcstrings; sourceTree = "<group>"; };
		2A8CC5A0C8AB224F76FC172B /* Palette.swift */ = {isa = PBXFileReference; lastKnownFileType = sourcecode.swift; path = Palette.swift; sourceTree = "<group>"; };
		301C2D7FF30FDFF6B5635AB4 /* ReviewViewModel.swift */ = {isa = PBXFileReference; lastKnownFileType = sourcecode.swift; path = ReviewViewModel.swift; sourceTree = "<group>"; };
		302282FB12167756913D0F01 /* PhotoLibraryService.swift */ = {isa = PBXFileReference; lastKnownFileType = sourcecode.swift; path = PhotoLibraryService.swift; sourceTree = "<group>"; };
		351A2941BED148CD1B825572 /* LoadReviewItemsUseCaseTests.swift */ = {isa = PBXFileReference; lastKnownFileType = sourcecode.swift; path = LoadReviewItemsUseCaseTests.swift; sourceTree = "<group>"; };
		35A2648E2DA86DB49D085F0F /* TriageStat.swift */ = {isa = PBXFileReference; lastKnownFileType = sourcecode.swift; path = TriageStat.swift; sourceTree = "<group>"; };
		361C6D2FDE448AC2371A9D21 /* CategorizeScreenshotUseCase.swift */ = {isa = PBXFileReference; lastKnownFileType = sourcecode.swift; path = CategorizeScreenshotUseCase.swift; sourceTree = "<group>"; };
		36B194757255571A816E3539 /* HeroMetricText.swift */ = {isa = PBXFileReference; lastKnownFileType = sourcecode.swift; path = HeroMetricText.swift; sourceTree = "<group>"; };
		3AD0EDD7D4F0994CBE38961B /* LoadTriageProgressUseCase.swift */ = {isa = PBXFileReference; lastKnownFileType = sourcecode.swift; path = LoadTriageProgressUseCase.swift; sourceTree = "<group>"; };
		3CDD24F0F552B8E79A14BC38 /* ScreenshotDisposition.swift */ = {isa = PBXFileReference; lastKnownFileType = sourcecode.swift; path = ScreenshotDisposition.swift; sourceTree = "<group>"; };
		40E5018115CD6637FF909F87 /* ReviewViewModelTests.swift */ = {isa = PBXFileReference; lastKnownFileType = sourcecode.swift; path = ReviewViewModelTests.swift; sourceTree = "<group>"; };
		4C1AE1624EA37BBFDD7C7869 /* RecognizeScreenshotTextUseCase.swift */ = {isa = PBXFileReference; lastKnownFileType = sourcecode.swift; path = RecognizeScreenshotTextUseCase.swift; sourceTree = "<group>"; };
		4CF1CBF61E0168CD873C9B27 /* MetricFormatter.swift */ = {isa = PBXFileReference; lastKnownFileType = sourcecode.swift; path = MetricFormatter.swift; sourceTree = "<group>"; };
		4D56E506AA6A793CA1AF74AD /* OCRResult.swift */ = {isa = PBXFileReference; lastKnownFileType = sourcecode.swift; path = OCRResult.swift; sourceTree = "<group>"; };
		581059809D5F042C8A5D7D92 /* Screenshot.swift */ = {isa = PBXFileReference; lastKnownFileType = sourcecode.swift; path = Screenshot.swift; sourceTree = "<group>"; };
		5FF1C3BEDFDFB19537B109E8 /* ScreenshotCategory.swift */ = {isa = PBXFileReference; lastKnownFileType = sourcecode.swift; path = ScreenshotCategory.swift; sourceTree = "<group>"; };
		61A8E75279720F0E0B36139D /* CategorizerTestDoubles.swift */ = {isa = PBXFileReference; lastKnownFileType = sourcecode.swift; path = CategorizerTestDoubles.swift; sourceTree = "<group>"; };
		63C12DFFCC365439E7F0F01C /* OverviewView.swift */ = {isa = PBXFileReference; lastKnownFileType = sourcecode.swift; path = OverviewView.swift; sourceTree = "<group>"; };
		65602E8C050A0226860FFAA6 /* LoadScreenshotsUseCase.swift */ = {isa = PBXFileReference; lastKnownFileType = sourcecode.swift; path = LoadScreenshotsUseCase.swift; sourceTree = "<group>"; };
		6694FA44F818F4A5BFC09BE6 /* ReviewComposition.swift */ = {isa = PBXFileReference; lastKnownFileType = sourcecode.swift; path = ReviewComposition.swift; sourceTree = "<group>"; };
		66ECC20CF9224E685AEAA0F2 /* BackgroundTaskAssertion.swift */ = {isa = PBXFileReference; lastKnownFileType = sourcecode.swift; path = BackgroundTaskAssertion.swift; sourceTree = "<group>"; };
		69DE7EE572E181AFC46A22A4 /* SnapTriageApp.swift */ = {isa = PBXFileReference; lastKnownFileType = sourcecode.swift; path = SnapTriageApp.swift; sourceTree = "<group>"; };
		70E8C9B972844D5F1C7CFE05 /* CategorizeScreenshotUseCaseTests.swift */ = {isa = PBXFileReference; lastKnownFileType = sourcecode.swift; path = CategorizeScreenshotUseCaseTests.swift; sourceTree = "<group>"; };
		7122A39108AF5B302273EE48 /* PersistedDictionaryTests.swift */ = {isa = PBXFileReference; lastKnownFileType = sourcecode.swift; path = PersistedDictionaryTests.swift; sourceTree = "<group>"; };
		722C73933C870FC12D3102C9 /* DeleteScreenshotsUseCaseTests.swift */ = {isa = PBXFileReference; lastKnownFileType = sourcecode.swift; path = DeleteScreenshotsUseCaseTests.swift; sourceTree = "<group>"; };
		747F33D3A531731028D83F59 /* DeleteScreenshotsUseCase.swift */ = {isa = PBXFileReference; lastKnownFileType = sourcecode.swift; path = DeleteScreenshotsUseCase.swift; sourceTree = "<group>"; };
		7763160A48CDF1789B81AA93 /* ScreenshotThumbnailView.swift */ = {isa = PBXFileReference; lastKnownFileType = sourcecode.swift; path = ScreenshotThumbnailView.swift; sourceTree = "<group>"; };
		7DCF2EE05280B4D90FE591FB /* OCRStore.swift */ = {isa = PBXFileReference; lastKnownFileType = sourcecode.swift; path = OCRStore.swift; sourceTree = "<group>"; };
		816A3C527A3AF8C31CB35354 /* PruneScreenshotRecordsUseCase.swift */ = {isa = PBXFileReference; lastKnownFileType = sourcecode.swift; path = PruneScreenshotRecordsUseCase.swift; sourceTree = "<group>"; };
		82D4EBD367F429D246C09885 /* FallbackScreenshotCategorizer.swift */ = {isa = PBXFileReference; lastKnownFileType = sourcecode.swift; path = FallbackScreenshotCategorizer.swift; sourceTree = "<group>"; };
		8411E5F8C425D1D6BF2DD7EE /* OCRLine.swift */ = {isa = PBXFileReference; lastKnownFileType = sourcecode.swift; path = OCRLine.swift; sourceTree = "<group>"; };
		899BB95130A4C602309B513C /* PersistedDictionary.swift */ = {isa = PBXFileReference; lastKnownFileType = sourcecode.swift; path = PersistedDictionary.swift; sourceTree = "<group>"; };
		93C320DAF4EEE0CD4643313B /* ReviewView.swift */ = {isa = PBXFileReference; lastKnownFileType = sourcecode.swift; path = ReviewView.swift; sourceTree = "<group>"; };
		962E03B3AE75031762EB31C2 /* LoadReviewItemsUseCase.swift */ = {isa = PBXFileReference; lastKnownFileType = sourcecode.swift; path = LoadReviewItemsUseCase.swift; sourceTree = "<group>"; };
		96E74A2B0CC8658D3890000F /* TriageViewModel.swift */ = {isa = PBXFileReference; lastKnownFileType = sourcecode.swift; path = TriageViewModel.swift; sourceTree = "<group>"; };
		97BD6D27663370D28DDADA1E /* ReviewItemView.swift */ = {isa = PBXFileReference; lastKnownFileType = sourcecode.swift; path = ReviewItemView.swift; sourceTree = "<group>"; };
		9A46128844A7AA182054B6E9 /* TextRecognitionService.swift */ = {isa = PBXFileReference; lastKnownFileType = sourcecode.swift; path = TextRecognitionService.swift; sourceTree = "<group>"; };
		9BEC4CA3D9966A5335535F0D /* ReviewItem.swift */ = {isa = PBXFileReference; lastKnownFileType = sourcecode.swift; path = ReviewItem.swift; sourceTree = "<group>"; };
		9D2F267ADC28E3E38EC40280 /* GlassCard.swift */ = {isa = PBXFileReference; lastKnownFileType = sourcecode.swift; path = GlassCard.swift; sourceTree = "<group>"; };
		9D44D8A99F85FBBD0BD85BA1 /* FoundationModelScreenshotCategorizer.swift */ = {isa = PBXFileReference; lastKnownFileType = sourcecode.swift; path = FoundationModelScreenshotCategorizer.swift; sourceTree = "<group>"; };
		A43B6867EFF6F4B3D1161353 /* ReviewTestDoubles.swift */ = {isa = PBXFileReference; lastKnownFileType = sourcecode.swift; path = ReviewTestDoubles.swift; sourceTree = "<group>"; };
		A43FE831A4BC8426E6689C03 /* Assets.xcassets */ = {isa = PBXFileReference; lastKnownFileType = folder.assetcatalog; path = Assets.xcassets; sourceTree = "<group>"; };
		A4CC4413DCCA1E4E9D62221A /* AppRootView.swift */ = {isa = PBXFileReference; lastKnownFileType = sourcecode.swift; path = AppRootView.swift; sourceTree = "<group>"; };
		A8CD2E3C6FCF8C3E74FF9FD5 /* TriageDecisionStore.swift */ = {isa = PBXFileReference; lastKnownFileType = sourcecode.swift; path = TriageDecisionStore.swift; sourceTree = "<group>"; };
		A944DD8BF13BA2683503229E /* ReviewRouter.swift */ = {isa = PBXFileReference; lastKnownFileType = sourcecode.swift; path = ReviewRouter.swift; sourceTree = "<group>"; };
		A97F7D383C7250B116EA174B /* ObservePhotoLibraryUseCase.swift */ = {isa = PBXFileReference; lastKnownFileType = sourcecode.swift; path = ObservePhotoLibraryUseCase.swift; sourceTree = "<group>"; };
		AA37028B8EBC0A63AFFA8729 /* PhotoLibraryAuthorization.swift */ = {isa = PBXFileReference; lastKnownFileType = sourcecode.swift; path = PhotoLibraryAuthorization.swift; sourceTree = "<group>"; };
		AEE4A1EDB54A174D7E5295BD /* HeuristicScreenshotCategorizerTests.swift */ = {isa = PBXFileReference; lastKnownFileType = sourcecode.swift; path = HeuristicScreenshotCategorizerTests.swift; sourceTree = "<group>"; };
		B09DC6CFF4863506B2227BC5 /* OverviewViewModelTests.swift */ = {isa = PBXFileReference; lastKnownFileType = sourcecode.swift; path = OverviewViewModelTests.swift; sourceTree = "<group>"; };
		B11532FF38991702DAC46CDF /* ClassificationNotifier.swift */ = {isa = PBXFileReference; lastKnownFileType = sourcecode.swift; path = ClassificationNotifier.swift; sourceTree = "<group>"; };
		B8FD43BB9954D5151295E66D /* ImageContentClassifier.swift */ = {isa = PBXFileReference; lastKnownFileType = sourcecode.swift; path = ImageContentClassifier.swift; sourceTree = "<group>"; };
		BA1E65353EF6F88FC859E0D7 /* TestTags.swift */ = {isa = PBXFileReference; lastKnownFileType = sourcecode.swift; path = TestTags.swift; sourceTree = "<group>"; };
		BE49DB378D23F6F4068E3669 /* SnapTriageIcon.icon */ = {isa = PBXFileReference; lastKnownFileType = folder.iconcomposer.icon; path = SnapTriageIcon.icon; sourceTree = "<group>"; };
		BEAC4D33849613118BBC3BA5 /* OverviewRouter.swift */ = {isa = PBXFileReference; lastKnownFileType = sourcecode.swift; path = OverviewRouter.swift; sourceTree = "<group>"; };
		CAEA4818DD51083ECFE05E41 /* BackgroundClassificationCoordinator.swift */ = {isa = PBXFileReference; lastKnownFileType = sourcecode.swift; path = BackgroundClassificationCoordinator.swift; sourceTree = "<group>"; };
		D05D6CA1102658E0FC552100 /* Strings.swift */ = {isa = PBXFileReference; lastKnownFileType = sourcecode.swift; path = Strings.swift; sourceTree = "<group>"; };
		DA69FE98F7842167D0BA4A03 /* TriageComposition.swift */ = {isa = PBXFileReference; lastKnownFileType = sourcecode.swift; path = TriageComposition.swift; sourceTree = "<group>"; };
		DBC3867CA58A176131910DA2 /* LiquidGlass.swift */ = {isa = PBXFileReference; lastKnownFileType = sourcecode.swift; path = LiquidGlass.swift; sourceTree = "<group>"; };
		E3ADB887A54D35398A90D951 /* TriageViewModelTests.swift */ = {isa = PBXFileReference; lastKnownFileType = sourcecode.swift; path = TriageViewModelTests.swift; sourceTree = "<group>"; };
		E982F4DFB284B5D9867B60B2 /* Spacing.swift */ = {isa = PBXFileReference; lastKnownFileType = sourcecode.swift; path = Spacing.swift; sourceTree = "<group>"; };
		EA2C5E510CDEB1C44C24888B /* AppNavigation.swift */ = {isa = PBXFileReference; lastKnownFileType = sourcecode.swift; path = AppNavigation.swift; sourceTree = "<group>"; };
		EAF2F8D48A2EA4D76302BBD6 /* TriageRouter.swift */ = {isa = PBXFileReference; lastKnownFileType = sourcecode.swift; path = TriageRouter.swift; sourceTree = "<group>"; };
		F50DA958E0D78F6A9F8C89F4 /* RequestPhotoAccessUseCase.swift */ = {isa = PBXFileReference; lastKnownFileType = sourcecode.swift; path = RequestPhotoAccessUseCase.swift; sourceTree = "<group>"; };
		FD77B384C150F95CB5BB9640 /* OverviewComposition.swift */ = {isa = PBXFileReference; lastKnownFileType = sourcecode.swift; path = OverviewComposition.swift; sourceTree = "<group>"; };
/* End PBXFileReference section */

/* Begin PBXFrameworksBuildPhase section */
		0A0A00200000000000000001 /* Frameworks */ = {
			isa = PBXFrameworksBuildPhase;
			buildActionMask = 2147483647;
			files = (
			);
			runOnlyForDeploymentPostprocessing = 0;
		};
		0A0A0E040000000000000001 /* Frameworks */ = {
			isa = PBXFrameworksBuildPhase;
			buildActionMask = 2147483647;
			files = (
			);
			runOnlyForDeploymentPostprocessing = 0;
		};
/* End PBXFrameworksBuildPhase section */

/* Begin PBXGroup section */
		0A0A00300000000000000001 = {
			isa = PBXGroup;
			children = (
				7500A7D565D5D26542D9993D /* SnapTriage */,
				F93DDE2599A61B36701FFDBA /* SnapTriageTests */,
				0A0A00320000000000000001 /* Products */,
			);
			sourceTree = "<group>";
		};
		7500A7D565D5D26542D9993D /* SnapTriage */ = {
			isa = PBXGroup;
			children = (
				A43FE831A4BC8426E6689C03 /* Assets.xcassets */,
				240B022BE64B8954FE0435F6 /* Localizable.xcstrings */,
				DF4B83DAC957C166EACB3DA8 /* App */,
				7991CF9AEDD240F7F305A064 /* Common */,
				1EA0A0820E1AB14FB3354985 /* Features */,
				1856DAE53C3197F2228EAB79 /* Resources */,
			);
			path = SnapTriage;
			sourceTree = "<group>";
		};
		DF4B83DAC957C166EACB3DA8 /* App */ = {
			isa = PBXGroup;
			children = (
				0A773D22AF59C4D017172A44 /* AppComposition.swift */,
				EA2C5E510CDEB1C44C24888B /* AppNavigation.swift */,
				A4CC4413DCCA1E4E9D62221A /* AppRootView.swift */,
				69DE7EE572E181AFC46A22A4 /* SnapTriageApp.swift */,
				927B25674656990ACB44BE8E /* Background */,
			);
			path = App;
			sourceTree = "<group>";
		};
		927B25674656990ACB44BE8E /* Background */ = {
			isa = PBXGroup;
			children = (
				CAEA4818DD51083ECFE05E41 /* BackgroundClassificationCoordinator.swift */,
				66ECC20CF9224E685AEAA0F2 /* BackgroundTaskAssertion.swift */,
				0F2D9FF20AAFFD76BE2BAF3A /* ClassificationCompletionStore.swift */,
				B11532FF38991702DAC46CDF /* ClassificationNotifier.swift */,
				0C98138EE952E9EF94F5297A /* ForegroundNotificationPresenter.swift */,
			);
			path = Background;
			sourceTree = "<group>";
		};
		7991CF9AEDD240F7F305A064 /* Common */ = {
			isa = PBXGroup;
			children = (
				57210E4217370CD485497DE6 /* DesignSystem */,
				A4EFF8A513E9507DA0A12E90 /* Formatting */,
				BB8C329F6E20540E300E6AFB /* Persistence */,
			);
			path = Common;
			sourceTree = "<group>";
		};
		57210E4217370CD485497DE6 /* DesignSystem */ = {
			isa = PBXGroup;
			children = (
				9D2F267ADC28E3E38EC40280 /* GlassCard.swift */,
				36B194757255571A816E3539 /* HeroMetricText.swift */,
				DBC3867CA58A176131910DA2 /* LiquidGlass.swift */,
				2A8CC5A0C8AB224F76FC172B /* Palette.swift */,
				E982F4DFB284B5D9867B60B2 /* Spacing.swift */,
				D05D6CA1102658E0FC552100 /* Strings.swift */,
			);
			path = DesignSystem;
			sourceTree = "<group>";
		};
		A4EFF8A513E9507DA0A12E90 /* Formatting */ = {
			isa = PBXGroup;
			children = (
				4CF1CBF61E0168CD873C9B27 /* MetricFormatter.swift */,
			);
			path = Formatting;
			sourceTree = "<group>";
		};
		BB8C329F6E20540E300E6AFB /* Persistence */ = {
			isa = PBXGroup;
			children = (
				899BB95130A4C602309B513C /* PersistedDictionary.swift */,
			);
			path = Persistence;
			sourceTree = "<group>";
		};
		1EA0A0820E1AB14FB3354985 /* Features */ = {
			isa = PBXGroup;
			children = (
				F0FE9B3A029C5D4C24CCC494 /* Overview */,
				CAE0A654B5B0951EC865DE64 /* Review */,
				DF2F6EFF8B07162F959F2C6B /* Triage */,
			);
			path = Features;
			sourceTree = "<group>";
		};
		F0FE9B3A029C5D4C24CCC494 /* Overview */ = {
			isa = PBXGroup;
			children = (
				3E46450829C1F5FAD02725F2 /* Composition */,
				F820E94BF14C4C9FBE70C5CB /* Model */,
				C0B65557C66A2368CCC24A23 /* Router */,
				AE55FAF82C5986C6882FB124 /* Store */,
				3B56C0C3C1ABA8919B781802 /* UseCase */,
				6D4C0BB84D277DF0FCED283D /* View */,
				C468E335811B2479B5A7591E /* ViewModel */,
			);
			path = Overview;
			sourceTree = "<group>";
		};
		3E46450829C1F5FAD02725F2 /* Composition */ = {
			isa = PBXGroup;
			children = (
				FD77B384C150F95CB5BB9640 /* OverviewComposition.swift */,
			);
			path = Composition;
			sourceTree = "<group>";
		};
		F820E94BF14C4C9FBE70C5CB /* Model */ = {
			isa = PBXGroup;
			children = (
				35A2648E2DA86DB49D085F0F /* TriageStat.swift */,
			);
			path = Model;
			sourceTree = "<group>";
		};
		C0B65557C66A2368CCC24A23 /* Router */ = {
			isa = PBXGroup;
			children = (
				BEAC4D33849613118BBC3BA5 /* OverviewRouter.swift */,
			);
			path = Router;
			sourceTree = "<group>";
		};
		AE55FAF82C5986C6882FB124 /* Store */ = {
			isa = PBXGroup;
			children = (
				0BF57C5A4FBD94D447CDE9D5 /* CategoryStore.swift */,
			);
			path = Store;
			sourceTree = "<group>";
		};
		3B56C0C3C1ABA8919B781802 /* UseCase */ = {
			isa = PBXGroup;
			children = (
				084939A28E45D163DB7D5C73 /* ClassifyLibraryUseCase.swift */,
			);
			path = UseCase;
			sourceTree = "<group>";
		};
		6D4C0BB84D277DF0FCED283D /* View */ = {
			isa = PBXGroup;
			children = (
				63C12DFFCC365439E7F0F01C /* OverviewView.swift */,
			);
			path = View;
			sourceTree = "<group>";
		};
		C468E335811B2479B5A7591E /* ViewModel */ = {
			isa = PBXGroup;
			children = (
				0CC82B337921E4E6CFEAFDC1 /* OverviewViewModel.swift */,
			);
			path = ViewModel;
			sourceTree = "<group>";
		};
		CAE0A654B5B0951EC865DE64 /* Review */ = {
			isa = PBXGroup;
			children = (
				FFAB1D4901748CD65A3776EA /* Composition */,
				56556CC61BCCAEC1BEC0D34E /* Model */,
				174D248E622C73242BB071FD /* Router */,
				B04BA1E4B3CBA19D90211802 /* UseCase */,
				9E2E2852E81649C269397F02 /* View */,
				A11C2CF0C58C21BBBB5E4091 /* ViewModel */,
			);
			path = Review;
			sourceTree = "<group>";
		};
		FFAB1D4901748CD65A3776EA /* Composition */ = {
			isa = PBXGroup;
			children = (
				6694FA44F818F4A5BFC09BE6 /* ReviewComposition.swift */,
			);
			path = Composition;
			sourceTree = "<group>";
		};
		56556CC61BCCAEC1BEC0D34E /* Model */ = {
			isa = PBXGroup;
			children = (
				9BEC4CA3D9966A5335535F0D /* ReviewItem.swift */,
			);
			path = Model;
			sourceTree = "<group>";
		};
		174D248E622C73242BB071FD /* Router */ = {
			isa = PBXGroup;
			children = (
				A944DD8BF13BA2683503229E /* ReviewRouter.swift */,
			);
			path = Router;
			sourceTree = "<group>";
		};
		B04BA1E4B3CBA19D90211802 /* UseCase */ = {
			isa = PBXGroup;
			children = (
				747F33D3A531731028D83F59 /* DeleteScreenshotsUseCase.swift */,
				962E03B3AE75031762EB31C2 /* LoadReviewItemsUseCase.swift */,
				816A3C527A3AF8C31CB35354 /* PruneScreenshotRecordsUseCase.swift */,
			);
			path = UseCase;
			sourceTree = "<group>";
		};
		9E2E2852E81649C269397F02 /* View */ = {
			isa = PBXGroup;
			children = (
				97BD6D27663370D28DDADA1E /* ReviewItemView.swift */,
				93C320DAF4EEE0CD4643313B /* ReviewView.swift */,
			);
			path = View;
			sourceTree = "<group>";
		};
		A11C2CF0C58C21BBBB5E4091 /* ViewModel */ = {
			isa = PBXGroup;
			children = (
				301C2D7FF30FDFF6B5635AB4 /* ReviewViewModel.swift */,
			);
			path = ViewModel;
			sourceTree = "<group>";
		};
		DF2F6EFF8B07162F959F2C6B /* Triage */ = {
			isa = PBXGroup;
			children = (
				3910D5B9C88E80E967ACE570 /* Composition */,
				D4262204B44D4C0F12A0DF33 /* Model */,
				01006165AB891F8A6FCEECB9 /* Router */,
				7FE4F83B8AE97F807A073A08 /* Service */,
				D6CBE2E57BA4ADC526F5A3AB /* Store */,
				DE4595F09D6FA0646D97A0BE /* UseCase */,
				004A363566C5D6356D04F98B /* View */,
				CA14D7D9E1B3AA220A42298F /* ViewModel */,
			);
			path = Triage;
			sourceTree = "<group>";
		};
		3910D5B9C88E80E967ACE570 /* Composition */ = {
			isa = PBXGroup;
			children = (
				DA69FE98F7842167D0BA4A03 /* TriageComposition.swift */,
			);
			path = Composition;
			sourceTree = "<group>";
		};
		D4262204B44D4C0F12A0DF33 /* Model */ = {
			isa = PBXGroup;
			children = (
				8411E5F8C425D1D6BF2DD7EE /* OCRLine.swift */,
				4D56E506AA6A793CA1AF74AD /* OCRResult.swift */,
				AA37028B8EBC0A63AFFA8729 /* PhotoLibraryAuthorization.swift */,
				581059809D5F042C8A5D7D92 /* Screenshot.swift */,
				5FF1C3BEDFDFB19537B109E8 /* ScreenshotCategory.swift */,
				3CDD24F0F552B8E79A14BC38 /* ScreenshotDisposition.swift */,
				0CE1F35E12425E6977C8A897 /* TriageDecision.swift */,
				0590E57D39E9938D9B36C738 /* TriageError.swift */,
			);
			path = Model;
			sourceTree = "<group>";
		};
		01006165AB891F8A6FCEECB9 /* Router */ = {
			isa = PBXGroup;
			children = (
				EAF2F8D48A2EA4D76302BBD6 /* TriageRouter.swift */,
			);
			path = Router;
			sourceTree = "<group>";
		};
		7FE4F83B8AE97F807A073A08 /* Service */ = {
			isa = PBXGroup;
			children = (
				82D4EBD367F429D246C09885 /* FallbackScreenshotCategorizer.swift */,
				9D44D8A99F85FBBD0BD85BA1 /* FoundationModelScreenshotCategorizer.swift */,
				B8FD43BB9954D5151295E66D /* ImageContentClassifier.swift */,
				302282FB12167756913D0F01 /* PhotoLibraryService.swift */,
				1E4E49DE27EF9236FEBDBE90 /* ScreenshotCategorizer.swift */,
				9A46128844A7AA182054B6E9 /* TextRecognitionService.swift */,
			);
			path = Service;
			sourceTree = "<group>";
		};
		D6CBE2E57BA4ADC526F5A3AB /* Store */ = {
			isa = PBXGroup;
			children = (
				7DCF2EE05280B4D90FE591FB /* OCRStore.swift */,
				A8CD2E3C6FCF8C3E74FF9FD5 /* TriageDecisionStore.swift */,
			);
			path = Store;
			sourceTree = "<group>";
		};
		DE4595F09D6FA0646D97A0BE /* UseCase */ = {
			isa = PBXGroup;
			children = (
				361C6D2FDE448AC2371A9D21 /* CategorizeScreenshotUseCase.swift */,
				1E4ADC120FD90F3552B0B53A /* ClearTriageDecisionsUseCase.swift */,
				65602E8C050A0226860FFAA6 /* LoadScreenshotsUseCase.swift */,
				3AD0EDD7D4F0994CBE38961B /* LoadTriageProgressUseCase.swift */,
				A97F7D383C7250B116EA174B /* ObservePhotoLibraryUseCase.swift */,
				4C1AE1624EA37BBFDD7C7869 /* RecognizeScreenshotTextUseCase.swift */,
				1EE77130537C36EAB490A9E5 /* RecordTriageDecisionUseCase.swift */,
				F50DA958E0D78F6A9F8C89F4 /* RequestPhotoAccessUseCase.swift */,
			);
			path = UseCase;
			sourceTree = "<group>";
		};
		004A363566C5D6356D04F98B /* View */ = {
			isa = PBXGroup;
			children = (
				7763160A48CDF1789B81AA93 /* ScreenshotThumbnailView.swift */,
				0244570B34CFD4B7380757C0 /* TriageView.swift */,
			);
			path = View;
			sourceTree = "<group>";
		};
		CA14D7D9E1B3AA220A42298F /* ViewModel */ = {
			isa = PBXGroup;
			children = (
				96E74A2B0CC8658D3890000F /* TriageViewModel.swift */,
			);
			path = ViewModel;
			sourceTree = "<group>";
		};
		1856DAE53C3197F2228EAB79 /* Resources */ = {
			isa = PBXGroup;
			children = (
				BE49DB378D23F6F4068E3669 /* SnapTriageIcon.icon */,
			);
			path = Resources;
			sourceTree = "<group>";
		};
		F93DDE2599A61B36701FFDBA /* SnapTriageTests */ = {
			isa = PBXGroup;
			children = (
				70E8C9B972844D5F1C7CFE05 /* CategorizeScreenshotUseCaseTests.swift */,
				722C73933C870FC12D3102C9 /* DeleteScreenshotsUseCaseTests.swift */,
				1ACE2D732C581FF9719CAC9A /* FallbackScreenshotCategorizerTests.swift */,
				AEE4A1EDB54A174D7E5295BD /* HeuristicScreenshotCategorizerTests.swift */,
				351A2941BED148CD1B825572 /* LoadReviewItemsUseCaseTests.swift */,
				B09DC6CFF4863506B2227BC5 /* OverviewViewModelTests.swift */,
				7122A39108AF5B302273EE48 /* PersistedDictionaryTests.swift */,
				40E5018115CD6637FF909F87 /* ReviewViewModelTests.swift */,
				E3ADB887A54D35398A90D951 /* TriageViewModelTests.swift */,
				49C666B71524B5C465328203 /* Support */,
			);
			path = SnapTriageTests;
			sourceTree = "<group>";
		};
		49C666B71524B5C465328203 /* Support */ = {
			isa = PBXGroup;
			children = (
				61A8E75279720F0E0B36139D /* CategorizerTestDoubles.swift */,
				A43B6867EFF6F4B3D1161353 /* ReviewTestDoubles.swift */,
				BA1E65353EF6F88FC859E0D7 /* TestTags.swift */,
			);
			path = Support;
			sourceTree = "<group>";
		};
		0A0A00320000000000000001 /* Products */ = {
			isa = PBXGroup;
			children = (
				0A0A00130000000000000001 /* SnapTriage.app */,
				0A0A0E000000000000000001 /* SnapTriageTests.xctest */,
			);
			name = Products;
			sourceTree = "<group>";
		};
/* End PBXGroup section */

/* Begin PBXNativeTarget section */
		0A0A00400000000000000001 /* SnapTriage */ = {
			isa = PBXNativeTarget;
			buildConfigurationList = 0A0A00600000000000000001 /* Build configuration list for PBXNativeTarget "SnapTriage" */;
			buildPhases = (
				0A0A00500000000000000001 /* Sources */,
				0A0A00200000000000000001 /* Frameworks */,
				0A0A00510000000000000001 /* Resources */,
			);
			buildRules = (
			);
			dependencies = (
			);
			name = SnapTriage;
			productName = SnapTriage;
			productReference = 0A0A00130000000000000001 /* SnapTriage.app */;
			productType = "com.apple.product-type.application";
		};
		0A0A0E020000000000000001 /* SnapTriageTests */ = {
			isa = PBXNativeTarget;
			buildConfigurationList = 0A0A0E060000000000000001 /* Build configuration list for PBXNativeTarget "SnapTriageTests" */;
			buildPhases = (
				0A0A0E030000000000000001 /* Sources */,
				0A0A0E040000000000000001 /* Frameworks */,
				0A0A0E050000000000000001 /* Resources */,
			);
			buildRules = (
			);
			dependencies = (
				0A0A0E0A0000000000000001 /* PBXTargetDependency */,
			);
			name = SnapTriageTests;
			productName = SnapTriageTests;
			productReference = 0A0A0E000000000000000001 /* SnapTriageTests.xctest */;
			productType = "com.apple.product-type.bundle.unit-test";
		};
/* End PBXNativeTarget section */

/* Begin PBXProject section */
		0A0A00410000000000000001 /* Project object */ = {
			isa = PBXProject;
			attributes = {
				BuildIndependentTargetsInParallel = 1;
				LastSwiftUpdateCheck = 1600;
				LastUpgradeCheck = 1600;
				TargetAttributes = {
					0A0A00400000000000000001 = {
						CreatedOnToolsVersion = 16.0;
					};
					0A0A0E020000000000000001 = {
						CreatedOnToolsVersion = 16.0;
						TestTargetID = 0A0A00400000000000000001;
					};
				};
			};
			buildConfigurationList = 0A0A00610000000000000001 /* Build configuration list for PBXProject "SnapTriage" */;
			compatibilityVersion = "Xcode 14.0";
			developmentRegion = en;
			hasScannedForEncodings = 0;
			knownRegions = (
				en,
				Base,
			);
			mainGroup = 0A0A00300000000000000001;
			productRefGroup = 0A0A00320000000000000001 /* Products */;
			projectDirPath = "";
			projectRoot = "";
			targets = (
				0A0A00400000000000000001 /* SnapTriage */,
				0A0A0E020000000000000001 /* SnapTriageTests */,
			);
		};
/* End PBXProject section */

/* Begin PBXResourcesBuildPhase section */
		0A0A00510000000000000001 /* Resources */ = {
			isa = PBXResourcesBuildPhase;
			buildActionMask = 2147483647;
			files = (
				17E477066152AA1BD17A99C1 /* Assets.xcassets in Resources */,
				F201C24755B084E6C4F35ACF /* Localizable.xcstrings in Resources */,
				2F06B76ABD683C492B0BE03F /* SnapTriageIcon.icon in Resources */,
			);
			runOnlyForDeploymentPostprocessing = 0;
		};
		0A0A0E050000000000000001 /* Resources */ = {
			isa = PBXResourcesBuildPhase;
			buildActionMask = 2147483647;
			files = (
			);
			runOnlyForDeploymentPostprocessing = 0;
		};
/* End PBXResourcesBuildPhase section */

/* Begin PBXSourcesBuildPhase section */
		0A0A00500000000000000001 /* Sources */ = {
			isa = PBXSourcesBuildPhase;
			buildActionMask = 2147483647;
			files = (
				49898DDCB78FAB6772125DAE /* AppComposition.swift in Sources */,
				E79D413C53D8AEE9D89A003A /* AppNavigation.swift in Sources */,
				CB9BDDB1DD37CCA5A35F45A9 /* AppRootView.swift in Sources */,
				BF70B95BA47498A0FFA9ACCF /* SnapTriageApp.swift in Sources */,
				E054C22594D8CDED4512D252 /* BackgroundClassificationCoordinator.swift in Sources */,
				57B068DE1D889C7C1320429E /* BackgroundTaskAssertion.swift in Sources */,
				91AF7C220B08A9793476B37A /* ClassificationCompletionStore.swift in Sources */,
				F3C5B5C866B4D92B2FAF5731 /* ClassificationNotifier.swift in Sources */,
				68970EA1B9CF8C5CFCE4E679 /* ForegroundNotificationPresenter.swift in Sources */,
				1A4605BF2552D13C3DC7BB88 /* GlassCard.swift in Sources */,
				29C40DBC8A8F14AF0B63CBB0 /* HeroMetricText.swift in Sources */,
				43F5EEBE45DADFD12F8533F7 /* LiquidGlass.swift in Sources */,
				5F967497B43A77B59E4AD5AB /* Palette.swift in Sources */,
				CA1A9650D43282816DBD948F /* Spacing.swift in Sources */,
				2146665DA89A3D461F58A7F7 /* Strings.swift in Sources */,
				A814B38772B95C92AEBA141F /* MetricFormatter.swift in Sources */,
				497D8C688D7BBA8486CB996B /* PersistedDictionary.swift in Sources */,
				8646A08B7AA5B102F46AEC33 /* OverviewComposition.swift in Sources */,
				F68674A44FBE9FC892187C2F /* TriageStat.swift in Sources */,
				44D48983B05E1B7731430801 /* OverviewRouter.swift in Sources */,
				7333AE4C53DC3CBD84B68836 /* CategoryStore.swift in Sources */,
				C0CEC4D10BF3AD3E00249F91 /* ClassifyLibraryUseCase.swift in Sources */,
				502A7245217F5EC25D2B383D /* OverviewView.swift in Sources */,
				A06C5B3815DEE901B5E59BF4 /* OverviewViewModel.swift in Sources */,
				45CB7AA6892BF69752BF0812 /* ReviewComposition.swift in Sources */,
				D619EDE6CC0422B0AF034EC4 /* ReviewItem.swift in Sources */,
				D1358BE42A7FB119253515D2 /* ReviewRouter.swift in Sources */,
				F914378DEAE9530C6363D077 /* DeleteScreenshotsUseCase.swift in Sources */,
				3AD3D3E71E8C607430D45A00 /* LoadReviewItemsUseCase.swift in Sources */,
				B1AD401334158560CAA981F5 /* PruneScreenshotRecordsUseCase.swift in Sources */,
				6284BB7BF85153D902A607FA /* ReviewItemView.swift in Sources */,
				ACB4104A2A81165AD153851D /* ReviewView.swift in Sources */,
				F3F2804DF7E9FC802E2B1D12 /* ReviewViewModel.swift in Sources */,
				FC5321430583666C35AC8793 /* TriageComposition.swift in Sources */,
				C11932B0B3900A5528A238D2 /* OCRLine.swift in Sources */,
				7F7632E46AC5591CA8982595 /* OCRResult.swift in Sources */,
				B37F4066EE4963CC64FD0A8F /* PhotoLibraryAuthorization.swift in Sources */,
				D0EAAE05365493F81A5A8C1F /* Screenshot.swift in Sources */,
				FEAA66E777FAB99D051561BB /* ScreenshotCategory.swift in Sources */,
				EC7E8BBC11AFECD0FA74C897 /* ScreenshotDisposition.swift in Sources */,
				6547E5456AC0BFDAE69271C7 /* TriageDecision.swift in Sources */,
				0ACB577AB9E389F40FBCD589 /* TriageError.swift in Sources */,
				DA7161D21C7AB414D37267A7 /* TriageRouter.swift in Sources */,
				3849B91D5412A569515BE2B0 /* FallbackScreenshotCategorizer.swift in Sources */,
				30469DCED1A2E5EFDFF09009 /* FoundationModelScreenshotCategorizer.swift in Sources */,
				3D53A9052D2FB37FB4A5860E /* ImageContentClassifier.swift in Sources */,
				C79D9216B53C79B629227AEB /* PhotoLibraryService.swift in Sources */,
				9CB762A655E9E75020A06081 /* ScreenshotCategorizer.swift in Sources */,
				8A3585A1EB291E5C5B46A985 /* TextRecognitionService.swift in Sources */,
				68AFD31D44B515D38638DB6B /* OCRStore.swift in Sources */,
				A23A6407F1D934A7D0D80EC6 /* TriageDecisionStore.swift in Sources */,
				DB43238FAB8BD648E37124F3 /* CategorizeScreenshotUseCase.swift in Sources */,
				7E7B0C76B5B9B5B58F6C6530 /* ClearTriageDecisionsUseCase.swift in Sources */,
				D2C5842254775A3E9C0ABFE4 /* LoadScreenshotsUseCase.swift in Sources */,
				EABF8A9228F0D46FD68F9A2E /* LoadTriageProgressUseCase.swift in Sources */,
				516394BC76CE07D173E12881 /* ObservePhotoLibraryUseCase.swift in Sources */,
				13B854BD94857DC6FB00F9E9 /* RecognizeScreenshotTextUseCase.swift in Sources */,
				3BF4EE2424CDED6BE72972FE /* RecordTriageDecisionUseCase.swift in Sources */,
				9A3CB684340E3366868F90C7 /* RequestPhotoAccessUseCase.swift in Sources */,
				80CC41A5E77B95CD2E32B60D /* ScreenshotThumbnailView.swift in Sources */,
				1B27251B6AD00C04DC64A5FD /* TriageView.swift in Sources */,
				40864CDCCFFE7166B0FC175F /* TriageViewModel.swift in Sources */,
			);
			runOnlyForDeploymentPostprocessing = 0;
		};
		0A0A0E030000000000000001 /* Sources */ = {
			isa = PBXSourcesBuildPhase;
			buildActionMask = 2147483647;
			files = (
				DD95FB2EEF16B3F6A7E072EC /* CategorizeScreenshotUseCaseTests.swift in Sources */,
				7F4E179BDAACE9ADA2D39003 /* DeleteScreenshotsUseCaseTests.swift in Sources */,
				38B05C10CE1E18802E9BEFE6 /* FallbackScreenshotCategorizerTests.swift in Sources */,
				CDCB1EE95F9CC41DB5718D3A /* HeuristicScreenshotCategorizerTests.swift in Sources */,
				95FBA02DFA5B2C208FBD4C57 /* LoadReviewItemsUseCaseTests.swift in Sources */,
				6089CF6764642E412F82B396 /* OverviewViewModelTests.swift in Sources */,
				AA95A9988CA5161CBAD56338 /* PersistedDictionaryTests.swift in Sources */,
				22D510635688E99CC0707756 /* ReviewViewModelTests.swift in Sources */,
				AF7B452AF33605401CFF93D9 /* TriageViewModelTests.swift in Sources */,
				F614B17A2DD99DB4991995A8 /* CategorizerTestDoubles.swift in Sources */,
				0DCAED9359AD488A5F712C08 /* ReviewTestDoubles.swift in Sources */,
				0ED33408917B0F1CF34CCFC2 /* TestTags.swift in Sources */,
			);
			runOnlyForDeploymentPostprocessing = 0;
		};
/* End PBXSourcesBuildPhase section */

/* Begin PBXTargetDependency section */
		0A0A0E0A0000000000000001 /* PBXTargetDependency */ = {
			isa = PBXTargetDependency;
			target = 0A0A00400000000000000001 /* SnapTriage */;
			targetProxy = 0A0A0E090000000000000001 /* PBXContainerItemProxy */;
		};
/* End PBXTargetDependency section */

/* Begin XCBuildConfiguration section */
		0A0A00700000000000000001 /* Debug */ = {
			isa = XCBuildConfiguration;
			buildSettings = {
				ALWAYS_SEARCH_USER_PATHS = NO;
				ASSETCATALOG_COMPILER_GENERATE_SWIFT_ASSET_SYMBOL_EXTENSIONS = YES;
				CLANG_ANALYZER_NONNULL = YES;
				CLANG_ANALYZER_NUMBER_OBJECT_CONVERSION = YES_AGGRESSIVE;
				CLANG_CXX_LANGUAGE_STANDARD = "gnu++20";
				CLANG_ENABLE_MODULES = YES;
				CLANG_ENABLE_OBJC_ARC = YES;
				CLANG_ENABLE_OBJC_WEAK = YES;
				CLANG_WARN_BLOCK_CAPTURE_AUTORELEASING = YES;
				CLANG_WARN_BOOL_CONVERSION = YES;
				CLANG_WARN_COMMA = YES;
				CLANG_WARN_CONSTANT_CONVERSION = YES;
				CLANG_WARN_DEPRECATED_OBJC_IMPLEMENTATIONS = YES;
				CLANG_WARN_DIRECT_OBJC_ISA_USAGE = YES_ERROR;
				CLANG_WARN_DOCUMENTATION_COMMENTS = YES;
				CLANG_WARN_EMPTY_BODY = YES;
				CLANG_WARN_ENUM_CONVERSION = YES;
				CLANG_WARN_INFINITE_RECURSION = YES;
				CLANG_WARN_INT_CONVERSION = YES;
				CLANG_WARN_NON_LITERAL_NULL_CONVERSION = YES;
				CLANG_WARN_OBJC_IMPLICIT_RETAIN_SELF = YES;
				CLANG_WARN_OBJC_LITERAL_CONVERSION = YES;
				CLANG_WARN_OBJC_ROOT_CLASS = YES_ERROR;
				CLANG_WARN_QUOTED_INCLUDE_IN_FRAMEWORK_HEADER = YES;
				CLANG_WARN_RANGE_LOOP_ANALYSIS = YES;
				CLANG_WARN_STRICT_PROTOTYPES = YES;
				CLANG_WARN_SUSPICIOUS_MOVE = YES;
				CLANG_WARN_UNGUARDED_AVAILABILITY = YES_AGGRESSIVE;
				CLANG_WARN_UNREACHABLE_CODE = YES;
				CLANG_WARN__DUPLICATE_METHOD_MATCH = YES;
				COPY_PHASE_STRIP = NO;
				DEBUG_INFORMATION_FORMAT = dwarf;
				ENABLE_STRICT_OBJC_MSGSEND = YES;
				ENABLE_TESTABILITY = YES;
				ENABLE_USER_SCRIPT_SANDBOXING = YES;
				GCC_C_LANGUAGE_STANDARD = gnu17;
				GCC_DYNAMIC_NO_PIC = NO;
				GCC_NO_COMMON_BLOCKS = YES;
				GCC_OPTIMIZATION_LEVEL = 0;
				GCC_PREPROCESSOR_DEFINITIONS = (
					"DEBUG=1",
					"$(inherited)",
				);
				GCC_WARN_64_TO_32_BIT_CONVERSION = YES;
				GCC_WARN_ABOUT_RETURN_TYPE = YES_ERROR;
				GCC_WARN_UNDECLARED_SELECTOR = YES;
				GCC_WARN_UNINITIALIZED_AUTOS = YES_AGGRESSIVE;
				GCC_WARN_UNUSED_FUNCTION = YES;
				GCC_WARN_UNUSED_VARIABLE = YES;
				IPHONEOS_DEPLOYMENT_TARGET = 18.0;
				LOCALIZATION_PREFERS_STRING_CATALOGS = YES;
				MTL_ENABLE_DEBUG_INFO = INCLUDE_SOURCE;
				MTL_FAST_MATH = YES;
				ONLY_ACTIVE_ARCH = YES;
				SDKROOT = iphoneos;
				STRING_CATALOG_GENERATE_SYMBOLS = YES;
				SWIFT_ACTIVE_COMPILATION_CONDITIONS = "DEBUG $(inherited)";
				SWIFT_OPTIMIZATION_LEVEL = "-Onone";
			};
			name = Debug;
		};
		0A0A00710000000000000001 /* Release */ = {
			isa = XCBuildConfiguration;
			buildSettings = {
				ALWAYS_SEARCH_USER_PATHS = NO;
				ASSETCATALOG_COMPILER_GENERATE_SWIFT_ASSET_SYMBOL_EXTENSIONS = YES;
				CLANG_ANALYZER_NONNULL = YES;
				CLANG_ANALYZER_NUMBER_OBJECT_CONVERSION = YES_AGGRESSIVE;
				CLANG_CXX_LANGUAGE_STANDARD = "gnu++20";
				CLANG_ENABLE_MODULES = YES;
				CLANG_ENABLE_OBJC_ARC = YES;
				CLANG_ENABLE_OBJC_WEAK = YES;
				CLANG_WARN_BLOCK_CAPTURE_AUTORELEASING = YES;
				CLANG_WARN_BOOL_CONVERSION = YES;
				CLANG_WARN_COMMA = YES;
				CLANG_WARN_CONSTANT_CONVERSION = YES;
				CLANG_WARN_DEPRECATED_OBJC_IMPLEMENTATIONS = YES;
				CLANG_WARN_DIRECT_OBJC_ISA_USAGE = YES_ERROR;
				CLANG_WARN_DOCUMENTATION_COMMENTS = YES;
				CLANG_WARN_EMPTY_BODY = YES;
				CLANG_WARN_ENUM_CONVERSION = YES;
				CLANG_WARN_INFINITE_RECURSION = YES;
				CLANG_WARN_INT_CONVERSION = YES;
				CLANG_WARN_NON_LITERAL_NULL_CONVERSION = YES;
				CLANG_WARN_OBJC_IMPLICIT_RETAIN_SELF = YES;
				CLANG_WARN_OBJC_LITERAL_CONVERSION = YES;
				CLANG_WARN_OBJC_ROOT_CLASS = YES_ERROR;
				CLANG_WARN_QUOTED_INCLUDE_IN_FRAMEWORK_HEADER = YES;
				CLANG_WARN_RANGE_LOOP_ANALYSIS = YES;
				CLANG_WARN_STRICT_PROTOTYPES = YES;
				CLANG_WARN_SUSPICIOUS_MOVE = YES;
				CLANG_WARN_UNGUARDED_AVAILABILITY = YES_AGGRESSIVE;
				CLANG_WARN_UNREACHABLE_CODE = YES;
				CLANG_WARN__DUPLICATE_METHOD_MATCH = YES;
				COPY_PHASE_STRIP = NO;
				DEBUG_INFORMATION_FORMAT = "dwarf-with-dsym";
				ENABLE_NS_ASSERTIONS = NO;
				ENABLE_STRICT_OBJC_MSGSEND = YES;
				ENABLE_USER_SCRIPT_SANDBOXING = YES;
				GCC_C_LANGUAGE_STANDARD = gnu17;
				GCC_NO_COMMON_BLOCKS = YES;
				GCC_WARN_64_TO_32_BIT_CONVERSION = YES;
				GCC_WARN_ABOUT_RETURN_TYPE = YES_ERROR;
				GCC_WARN_UNDECLARED_SELECTOR = YES;
				GCC_WARN_UNINITIALIZED_AUTOS = YES_AGGRESSIVE;
				GCC_WARN_UNUSED_FUNCTION = YES;
				GCC_WARN_UNUSED_VARIABLE = YES;
				IPHONEOS_DEPLOYMENT_TARGET = 18.0;
				LOCALIZATION_PREFERS_STRING_CATALOGS = YES;
				MTL_ENABLE_DEBUG_INFO = NO;
				MTL_FAST_MATH = YES;
				SDKROOT = iphoneos;
				STRING_CATALOG_GENERATE_SYMBOLS = YES;
				SWIFT_COMPILATION_MODE = wholemodule;
				VALIDATE_PRODUCT = YES;
			};
			name = Release;
		};
		0A0A00720000000000000001 /* Debug */ = {
			isa = XCBuildConfiguration;
			buildSettings = {
				ASSETCATALOG_COMPILER_APPICON_NAME = SnapTriageIcon;
				ASSETCATALOG_COMPILER_GLOBAL_ACCENT_COLOR_NAME = AccentColor;
				ASSETCATALOG_COMPILER_INCLUDE_ALL_APPICON_ASSETS = NO;
				CODE_SIGN_STYLE = Automatic;
				CURRENT_PROJECT_VERSION = 1;
				DEVELOPMENT_ASSET_PATHS = "";
				DEVELOPMENT_TEAM = 5Q2G7C7C3U;
				ENABLE_PREVIEWS = YES;
				GENERATE_INFOPLIST_FILE = YES;
				INFOPLIST_FILE = SnapTriage/Info.plist;
				INFOPLIST_KEY_CFBundleDisplayName = SnapTriage;
				INFOPLIST_KEY_NSHumanReadableCopyright = "";
				INFOPLIST_KEY_NSPhotoLibraryUsageDescription = "SnapTriage reads your screenshots so it can help you review, keep, or delete them. Your photos never leave your device.";
				INFOPLIST_KEY_UIApplicationSceneManifest_Generation = YES;
				INFOPLIST_KEY_UIApplicationSupportsIndirectInputEvents = YES;
				INFOPLIST_KEY_UILaunchScreen_Generation = YES;
				INFOPLIST_KEY_UILaunchStoryboardName = "";
				INFOPLIST_KEY_UISupportedInterfaceOrientations_iPad = "UIInterfaceOrientationPortrait UIInterfaceOrientationPortraitUpsideDown UIInterfaceOrientationLandscapeLeft UIInterfaceOrientationLandscapeRight";
				INFOPLIST_KEY_UISupportedInterfaceOrientations_iPhone = "UIInterfaceOrientationPortrait UIInterfaceOrientationLandscapeLeft UIInterfaceOrientationLandscapeRight";
				LD_RUNPATH_SEARCH_PATHS = (
					"$(inherited)",
					"@executable_path/Frameworks",
				);
				MARKETING_VERSION = 1.0;
				PRODUCT_BUNDLE_IDENTIFIER = dev.vishwaiosdev.SnapTriage;
				PRODUCT_NAME = "$(TARGET_NAME)";
				SWIFT_EMIT_LOC_STRINGS = YES;
				SWIFT_VERSION = 5.0;
				TARGETED_DEVICE_FAMILY = "1,2";
			};
			name = Debug;
		};
		0A0A00730000000000000001 /* Release */ = {
			isa = XCBuildConfiguration;
			buildSettings = {
				ASSETCATALOG_COMPILER_APPICON_NAME = SnapTriageIcon;
				ASSETCATALOG_COMPILER_GLOBAL_ACCENT_COLOR_NAME = AccentColor;
				ASSETCATALOG_COMPILER_INCLUDE_ALL_APPICON_ASSETS = NO;
				CODE_SIGN_STYLE = Automatic;
				CURRENT_PROJECT_VERSION = 1;
				DEVELOPMENT_ASSET_PATHS = "";
				DEVELOPMENT_TEAM = 5Q2G7C7C3U;
				ENABLE_PREVIEWS = YES;
				GENERATE_INFOPLIST_FILE = YES;
				INFOPLIST_FILE = SnapTriage/Info.plist;
				INFOPLIST_KEY_CFBundleDisplayName = SnapTriage;
				INFOPLIST_KEY_NSHumanReadableCopyright = "";
				INFOPLIST_KEY_NSPhotoLibraryUsageDescription = "SnapTriage reads your screenshots so it can help you review, keep, or delete them. Your photos never leave your device.";
				INFOPLIST_KEY_UIApplicationSceneManifest_Generation = YES;
				INFOPLIST_KEY_UIApplicationSupportsIndirectInputEvents = YES;
				INFOPLIST_KEY_UILaunchScreen_Generation = YES;
				INFOPLIST_KEY_UILaunchStoryboardName = "";
				INFOPLIST_KEY_UISupportedInterfaceOrientations_iPad = "UIInterfaceOrientationPortrait UIInterfaceOrientationPortraitUpsideDown UIInterfaceOrientationLandscapeLeft UIInterfaceOrientationLandscapeRight";
				INFOPLIST_KEY_UISupportedInterfaceOrientations_iPhone = "UIInterfaceOrientationPortrait UIInterfaceOrientationLandscapeLeft UIInterfaceOrientationLandscapeRight";
				LD_RUNPATH_SEARCH_PATHS = (
					"$(inherited)",
					"@executable_path/Frameworks",
				);
				MARKETING_VERSION = 1.0;
				PRODUCT_BUNDLE_IDENTIFIER = dev.vishwaiosdev.SnapTriage;
				PRODUCT_NAME = "$(TARGET_NAME)";
				SWIFT_EMIT_LOC_STRINGS = YES;
				SWIFT_VERSION = 5.0;
				TARGETED_DEVICE_FAMILY = "1,2";
			};
			name = Release;
		};
		0A0A0E070000000000000001 /* Debug */ = {
			isa = XCBuildConfiguration;
			buildSettings = {
				BUNDLE_LOADER = "$(TEST_HOST)";
				CODE_SIGN_STYLE = Automatic;
				CURRENT_PROJECT_VERSION = 1;
				DEVELOPMENT_TEAM = 5Q2G7C7C3U;
				GENERATE_INFOPLIST_FILE = YES;
				IPHONEOS_DEPLOYMENT_TARGET = 18.0;
				MARKETING_VERSION = 1.0;
				PRODUCT_BUNDLE_IDENTIFIER = dev.vishwaiosdev.SnapTriageTests;
				PRODUCT_NAME = "$(TARGET_NAME)";
				SWIFT_VERSION = 5.0;
				TARGETED_DEVICE_FAMILY = "1,2";
				TEST_HOST = "$(BUILT_PRODUCTS_DIR)/SnapTriage.app/SnapTriage";
			};
			name = Debug;
		};
		0A0A0E080000000000000001 /* Release */ = {
			isa = XCBuildConfiguration;
			buildSettings = {
				BUNDLE_LOADER = "$(TEST_HOST)";
				CODE_SIGN_STYLE = Automatic;
				CURRENT_PROJECT_VERSION = 1;
				DEVELOPMENT_TEAM = 5Q2G7C7C3U;
				GENERATE_INFOPLIST_FILE = YES;
				IPHONEOS_DEPLOYMENT_TARGET = 18.0;
				MARKETING_VERSION = 1.0;
				PRODUCT_BUNDLE_IDENTIFIER = dev.vishwaiosdev.SnapTriageTests;
				PRODUCT_NAME = "$(TARGET_NAME)";
				SWIFT_VERSION = 5.0;
				TARGETED_DEVICE_FAMILY = "1,2";
				TEST_HOST = "$(BUILT_PRODUCTS_DIR)/SnapTriage.app/SnapTriage";
			};
			name = Release;
		};
/* End XCBuildConfiguration section */

/* Begin XCConfigurationList section */
		0A0A00600000000000000001 /* Build configuration list for PBXNativeTarget "SnapTriage" */ = {
			isa = XCConfigurationList;
			buildConfigurations = (
				0A0A00720000000000000001 /* Debug */,
				0A0A00730000000000000001 /* Release */,
			);
			defaultConfigurationIsVisible = 0;
			defaultConfigurationName = Release;
		};
		0A0A00610000000000000001 /* Build configuration list for PBXProject "SnapTriage" */ = {
			isa = XCConfigurationList;
			buildConfigurations = (
				0A0A00700000000000000001 /* Debug */,
				0A0A00710000000000000001 /* Release */,
			);
			defaultConfigurationIsVisible = 0;
			defaultConfigurationName = Release;
		};
		0A0A0E060000000000000001 /* Build configuration list for PBXNativeTarget "SnapTriageTests" */ = {
			isa = XCConfigurationList;
			buildConfigurations = (
				0A0A0E070000000000000001 /* Debug */,
				0A0A0E080000000000000001 /* Release */,
			);
			defaultConfigurationIsVisible = 0;
			defaultConfigurationName = Release;
		};
/* End XCConfigurationList section */
	};
	rootObject = 0A0A00410000000000000001 /* Project object */;
}
