// !$*UTF8*$!
{
	archiveVersion = 1;
	classes = {
	};
	objectVersion = 56;
	objects = {

/* Begin PBXBuildFile section */
		0A0A00010000000000000001 /* SnapTriageApp.swift in Sources */ = {isa = PBXBuildFile; fileRef = 0A0A00100000000000000001 /* SnapTriageApp.swift */; };
		0A0A00020000000000000001 /* ContentView.swift in Sources */ = {isa = PBXBuildFile; fileRef = 0A0A00110000000000000001 /* ContentView.swift */; };
		0A0A00030000000000000001 /* Assets.xcassets in Resources */ = {isa = PBXBuildFile; fileRef = 0A0A00120000000000000001 /* Assets.xcassets */; };
		0A0A1B010000000000000001 /* Screenshot.swift in Sources */ = {isa = PBXBuildFile; fileRef = 0A0A1A010000000000000001 /* Screenshot.swift */; };
		0A0A1B020000000000000001 /* PhotoLibraryAuthorization.swift in Sources */ = {isa = PBXBuildFile; fileRef = 0A0A1A020000000000000001 /* PhotoLibraryAuthorization.swift */; };
		0A0A1B030000000000000001 /* TriageError.swift in Sources */ = {isa = PBXBuildFile; fileRef = 0A0A1A030000000000000001 /* TriageError.swift */; };
		0A0A1B040000000000000001 /* PhotoLibraryService.swift in Sources */ = {isa = PBXBuildFile; fileRef = 0A0A1A040000000000000001 /* PhotoLibraryService.swift */; };
		0A0A1B050000000000000001 /* RequestPhotoAccessUseCase.swift in Sources */ = {isa = PBXBuildFile; fileRef = 0A0A1A050000000000000001 /* RequestPhotoAccessUseCase.swift */; };
		0A0A1B060000000000000001 /* LoadScreenshotsUseCase.swift in Sources */ = {isa = PBXBuildFile; fileRef = 0A0A1A060000000000000001 /* LoadScreenshotsUseCase.swift */; };
		0A0A1B070000000000000001 /* TriageViewModel.swift in Sources */ = {isa = PBXBuildFile; fileRef = 0A0A1A070000000000000001 /* TriageViewModel.swift */; };
		0A0A1B080000000000000001 /* TriageView.swift in Sources */ = {isa = PBXBuildFile; fileRef = 0A0A1A080000000000000001 /* TriageView.swift */; };
		0A0A1B090000000000000001 /* ScreenshotThumbnailView.swift in Sources */ = {isa = PBXBuildFile; fileRef = 0A0A1A090000000000000001 /* ScreenshotThumbnailView.swift */; };
		0A0A1B100000000000000001 /* TriageRouter.swift in Sources */ = {isa = PBXBuildFile; fileRef = 0A0A1A100000000000000001 /* TriageRouter.swift */; };
		0A0A1B110000000000000001 /* TriageComposition.swift in Sources */ = {isa = PBXBuildFile; fileRef = 0A0A1A110000000000000001 /* TriageComposition.swift */; };
		0A0A1B120000000000000001 /* Strings.swift in Sources */ = {isa = PBXBuildFile; fileRef = 0A0A1A120000000000000001 /* Strings.swift */; };
		0A0A1B130000000000000001 /* Spacing.swift in Sources */ = {isa = PBXBuildFile; fileRef = 0A0A1A130000000000000001 /* Spacing.swift */; };
		0A0A1B140000000000000001 /* OCRLine.swift in Sources */ = {isa = PBXBuildFile; fileRef = 0A0A1A140000000000000001 /* OCRLine.swift */; };
		0A0A1B150000000000000001 /* OCRResult.swift in Sources */ = {isa = PBXBuildFile; fileRef = 0A0A1A150000000000000001 /* OCRResult.swift */; };
		0A0A1B160000000000000001 /* TextRecognitionService.swift in Sources */ = {isa = PBXBuildFile; fileRef = 0A0A1A160000000000000001 /* TextRecognitionService.swift */; };
		0A0A1B170000000000000001 /* RecognizeScreenshotTextUseCase.swift in Sources */ = {isa = PBXBuildFile; fileRef = 0A0A1A170000000000000001 /* RecognizeScreenshotTextUseCase.swift */; };
		0A0A1B180000000000000001 /* OCRStore.swift in Sources */ = {isa = PBXBuildFile; fileRef = 0A0A1A180000000000000001 /* OCRStore.swift */; };
		0A0A1B190000000000000001 /* ScreenshotCategory.swift in Sources */ = {isa = PBXBuildFile; fileRef = 0A0A1A190000000000000001 /* ScreenshotCategory.swift */; };
		0A0A1B1B0000000000000001 /* ScreenshotCategorizer.swift in Sources */ = {isa = PBXBuildFile; fileRef = 0A0A1A1B0000000000000001 /* ScreenshotCategorizer.swift */; };
		0A0A1B1C0000000000000001 /* FoundationModelScreenshotCategorizer.swift in Sources */ = {isa = PBXBuildFile; fileRef = 0A0A1A1C0000000000000001 /* FoundationModelScreenshotCategorizer.swift */; };
		0A0A1B1D0000000000000001 /* FallbackScreenshotCategorizer.swift in Sources */ = {isa = PBXBuildFile; fileRef = 0A0A1A1D0000000000000001 /* FallbackScreenshotCategorizer.swift */; };
		0A0A1B1E0000000000000001 /* ImageContentClassifier.swift in Sources */ = {isa = PBXBuildFile; fileRef = 0A0A1A1E0000000000000001 /* ImageContentClassifier.swift */; };
		0A0A1B1A0000000000000001 /* CategorizeScreenshotUseCase.swift in Sources */ = {isa = PBXBuildFile; fileRef = 0A0A1A1A0000000000000001 /* CategorizeScreenshotUseCase.swift */; };
		0A0A0D810000000000000001 /* TestTags.swift in Sources */ = {isa = PBXBuildFile; fileRef = 0A0A0D010000000000000001 /* TestTags.swift */; };
		0A0A0D820000000000000001 /* CategorizerTestDoubles.swift in Sources */ = {isa = PBXBuildFile; fileRef = 0A0A0D020000000000000001 /* CategorizerTestDoubles.swift */; };
		0A0A0D830000000000000001 /* CategorizeScreenshotUseCaseTests.swift in Sources */ = {isa = PBXBuildFile; fileRef = 0A0A0D030000000000000001 /* CategorizeScreenshotUseCaseTests.swift */; };
		0A0A0D840000000000000001 /* HeuristicScreenshotCategorizerTests.swift in Sources */ = {isa = PBXBuildFile; fileRef = 0A0A0D040000000000000001 /* HeuristicScreenshotCategorizerTests.swift */; };
/* End PBXBuildFile section */

/* Begin PBXFileReference section */
		0A0A00100000000000000001 /* SnapTriageApp.swift */ = {isa = PBXFileReference; lastKnownFileType = sourcecode.swift; path = SnapTriageApp.swift; sourceTree = "<group>"; };
		0A0A00110000000000000001 /* ContentView.swift */ = {isa = PBXFileReference; lastKnownFileType = sourcecode.swift; path = ContentView.swift; sourceTree = "<group>"; };
		0A0A00120000000000000001 /* Assets.xcassets */ = {isa = PBXFileReference; lastKnownFileType = folder.assetcatalog; path = Assets.xcassets; sourceTree = "<group>"; };
		0A0A00130000000000000001 /* SnapTriage.app */ = {isa = PBXFileReference; explicitFileType = wrapper.application; includeInIndex = 0; path = SnapTriage.app; sourceTree = BUILT_PRODUCTS_DIR; };
		0A0A1A010000000000000001 /* Screenshot.swift */ = {isa = PBXFileReference; lastKnownFileType = sourcecode.swift; path = Screenshot.swift; sourceTree = "<group>"; };
		0A0A1A020000000000000001 /* PhotoLibraryAuthorization.swift */ = {isa = PBXFileReference; lastKnownFileType = sourcecode.swift; path = PhotoLibraryAuthorization.swift; sourceTree = "<group>"; };
		0A0A1A030000000000000001 /* TriageError.swift */ = {isa = PBXFileReference; lastKnownFileType = sourcecode.swift; path = TriageError.swift; sourceTree = "<group>"; };
		0A0A1A040000000000000001 /* PhotoLibraryService.swift */ = {isa = PBXFileReference; lastKnownFileType = sourcecode.swift; path = PhotoLibraryService.swift; sourceTree = "<group>"; };
		0A0A1A050000000000000001 /* RequestPhotoAccessUseCase.swift */ = {isa = PBXFileReference; lastKnownFileType = sourcecode.swift; path = RequestPhotoAccessUseCase.swift; sourceTree = "<group>"; };
		0A0A1A060000000000000001 /* LoadScreenshotsUseCase.swift */ = {isa = PBXFileReference; lastKnownFileType = sourcecode.swift; path = LoadScreenshotsUseCase.swift; sourceTree = "<group>"; };
		0A0A1A070000000000000001 /* TriageViewModel.swift */ = {isa = PBXFileReference; lastKnownFileType = sourcecode.swift; path = TriageViewModel.swift; sourceTree = "<group>"; };
		0A0A1A080000000000000001 /* TriageView.swift */ = {isa = PBXFileReference; lastKnownFileType = sourcecode.swift; path = TriageView.swift; sourceTree = "<group>"; };
		0A0A1A090000000000000001 /* ScreenshotThumbnailView.swift */ = {isa = PBXFileReference; lastKnownFileType = sourcecode.swift; path = ScreenshotThumbnailView.swift; sourceTree = "<group>"; };
		0A0A1A100000000000000001 /* TriageRouter.swift */ = {isa = PBXFileReference; lastKnownFileType = sourcecode.swift; path = TriageRouter.swift; sourceTree = "<group>"; };
		0A0A1A110000000000000001 /* TriageComposition.swift */ = {isa = PBXFileReference; lastKnownFileType = sourcecode.swift; path = TriageComposition.swift; sourceTree = "<group>"; };
		0A0A1A120000000000000001 /* Strings.swift */ = {isa = PBXFileReference; lastKnownFileType = sourcecode.swift; path = Strings.swift; sourceTree = "<group>"; };
		0A0A1A130000000000000001 /* Spacing.swift */ = {isa = PBXFileReference; lastKnownFileType = sourcecode.swift; path = Spacing.swift; sourceTree = "<group>"; };
		0A0A1A140000000000000001 /* OCRLine.swift */ = {isa = PBXFileReference; lastKnownFileType = sourcecode.swift; path = OCRLine.swift; sourceTree = "<group>"; };
		0A0A1A150000000000000001 /* OCRResult.swift */ = {isa = PBXFileReference; lastKnownFileType = sourcecode.swift; path = OCRResult.swift; sourceTree = "<group>"; };
		0A0A1A160000000000000001 /* TextRecognitionService.swift */ = {isa = PBXFileReference; lastKnownFileType = sourcecode.swift; path = TextRecognitionService.swift; sourceTree = "<group>"; };
		0A0A1A170000000000000001 /* RecognizeScreenshotTextUseCase.swift */ = {isa = PBXFileReference; lastKnownFileType = sourcecode.swift; path = RecognizeScreenshotTextUseCase.swift; sourceTree = "<group>"; };
		0A0A1A180000000000000001 /* OCRStore.swift */ = {isa = PBXFileReference; lastKnownFileType = sourcecode.swift; path = OCRStore.swift; sourceTree = "<group>"; };
		0A0A1A190000000000000001 /* ScreenshotCategory.swift */ = {isa = PBXFileReference; lastKnownFileType = sourcecode.swift; path = ScreenshotCategory.swift; sourceTree = "<group>"; };
		0A0A1A1B0000000000000001 /* ScreenshotCategorizer.swift */ = {isa = PBXFileReference; lastKnownFileType = sourcecode.swift; path = ScreenshotCategorizer.swift; sourceTree = "<group>"; };
		0A0A1A1C0000000000000001 /* FoundationModelScreenshotCategorizer.swift */ = {isa = PBXFileReference; lastKnownFileType = sourcecode.swift; path = FoundationModelScreenshotCategorizer.swift; sourceTree = "<group>"; };
		0A0A1A1D0000000000000001 /* FallbackScreenshotCategorizer.swift */ = {isa = PBXFileReference; lastKnownFileType = sourcecode.swift; path = FallbackScreenshotCategorizer.swift; sourceTree = "<group>"; };
		0A0A1A1E0000000000000001 /* ImageContentClassifier.swift */ = {isa = PBXFileReference; lastKnownFileType = sourcecode.swift; path = ImageContentClassifier.swift; sourceTree = "<group>"; };
		0A0A1A1A0000000000000001 /* CategorizeScreenshotUseCase.swift */ = {isa = PBXFileReference; lastKnownFileType = sourcecode.swift; path = CategorizeScreenshotUseCase.swift; sourceTree = "<group>"; };
		0A0A0E000000000000000001 /* SnapTriageTests.xctest */ = {isa = PBXFileReference; explicitFileType = wrapper.cfbundle; includeInIndex = 0; path = SnapTriageTests.xctest; sourceTree = BUILT_PRODUCTS_DIR; };
		0A0A0D010000000000000001 /* TestTags.swift */ = {isa = PBXFileReference; lastKnownFileType = sourcecode.swift; path = TestTags.swift; sourceTree = "<group>"; };
		0A0A0D020000000000000001 /* CategorizerTestDoubles.swift */ = {isa = PBXFileReference; lastKnownFileType = sourcecode.swift; path = CategorizerTestDoubles.swift; sourceTree = "<group>"; };
		0A0A0D030000000000000001 /* CategorizeScreenshotUseCaseTests.swift */ = {isa = PBXFileReference; lastKnownFileType = sourcecode.swift; path = CategorizeScreenshotUseCaseTests.swift; sourceTree = "<group>"; };
		0A0A0D040000000000000001 /* HeuristicScreenshotCategorizerTests.swift */ = {isa = PBXFileReference; lastKnownFileType = sourcecode.swift; path = HeuristicScreenshotCategorizerTests.swift; sourceTree = "<group>"; };
/* End PBXFileReference section */

/* Begin PBXFrameworksBuildPhase section */
		0A0A00200000000000000001 /* Frameworks */ = {
			isa = PBXFrameworksBuildPhase;
			buildActionMask = 2147483647;
			files = (
			);
			runOnlyForDeploymentPostprocessing = 0;
		};
		0A0A0E040000000000000001 /* Frameworks */ = {
			isa = PBXFrameworksBuildPhase;
			buildActionMask = 2147483647;
			files = (
			);
			runOnlyForDeploymentPostprocessing = 0;
		};
/* End PBXFrameworksBuildPhase section */

/* Begin PBXContainerItemProxy section */
		0A0A0E090000000000000001 /* PBXContainerItemProxy */ = {
			isa = PBXContainerItemProxy;
			containerPortal = 0A0A00410000000000000001 /* Project object */;
			proxyType = 1;
			remoteGlobalIDString = 0A0A00400000000000000001;
			remoteInfo = SnapTriage;
		};
/* End PBXContainerItemProxy section */

/* Begin PBXTargetDependency section */
		0A0A0E0A0000000000000001 /* PBXTargetDependency */ = {
			isa = PBXTargetDependency;
			target = 0A0A00400000000000000001 /* SnapTriage */;
			targetProxy = 0A0A0E090000000000000001 /* PBXContainerItemProxy */;
		};
/* End PBXTargetDependency section */

/* Begin PBXGroup section */
		0A0A00300000000000000001 = {
			isa = PBXGroup;
			children = (
				0A0A00310000000000000001 /* SnapTriage */,
				0A0A0E0B0000000000000001 /* SnapTriageTests */,
				0A0A00320000000000000001 /* Products */,
			);
			sourceTree = "<group>";
		};
		0A0A00310000000000000001 /* SnapTriage */ = {
			isa = PBXGroup;
			children = (
				0A0A00100000000000000001 /* SnapTriageApp.swift */,
				0A0A00110000000000000001 /* ContentView.swift */,
				0A0A1C010000000000000001 /* Features */,
				0A0A1C100000000000000001 /* Common */,
				0A0A00120000000000000001 /* Assets.xcassets */,
			);
			path = SnapTriage;
			sourceTree = "<group>";
		};
		0A0A00320000000000000001 /* Products */ = {
			isa = PBXGroup;
			children = (
				0A0A00130000000000000001 /* SnapTriage.app */,
			0A0A0E000000000000000001 /* SnapTriageTests.xctest */,
			);
			name = Products;
			sourceTree = "<group>";
		};
		0A0A1C010000000000000001 /* Features */ = {
			isa = PBXGroup;
			children = (
				0A0A1C020000000000000001 /* Triage */,
			);
			path = Features;
			sourceTree = "<group>";
		};
		0A0A1C020000000000000001 /* Triage */ = {
			isa = PBXGroup;
			children = (
				0A0A1C030000000000000001 /* Model */,
				0A0A1C040000000000000001 /* Service */,
				0A0A1C050000000000000001 /* UseCase */,
				0A0A1C060000000000000001 /* ViewModel */,
				0A0A1C070000000000000001 /* View */,
				0A0A1C080000000000000001 /* Router */,
				0A0A1C090000000000000001 /* Composition */,
				0A0A1C0A0000000000000001 /* Store */,
			);
			path = Triage;
			sourceTree = "<group>";
		};
		0A0A1C030000000000000001 /* Model */ = {
			isa = PBXGroup;
			children = (
				0A0A1A010000000000000001 /* Screenshot.swift */,
				0A0A1A020000000000000001 /* PhotoLibraryAuthorization.swift */,
				0A0A1A030000000000000001 /* TriageError.swift */,
				0A0A1A140000000000000001 /* OCRLine.swift */,
				0A0A1A150000000000000001 /* OCRResult.swift */,
				0A0A1A190000000000000001 /* ScreenshotCategory.swift */,
			);
			path = Model;
			sourceTree = "<group>";
		};
		0A0A1C040000000000000001 /* Service */ = {
			isa = PBXGroup;
			children = (
				0A0A1A040000000000000001 /* PhotoLibraryService.swift */,
				0A0A1A160000000000000001 /* TextRecognitionService.swift */,
				0A0A1A1B0000000000000001 /* ScreenshotCategorizer.swift */,
				0A0A1A1C0000000000000001 /* FoundationModelScreenshotCategorizer.swift */,
				0A0A1A1D0000000000000001 /* FallbackScreenshotCategorizer.swift */,
				0A0A1A1E0000000000000001 /* ImageContentClassifier.swift */,
			);
			path = Service;
			sourceTree = "<group>";
		};
		0A0A1C050000000000000001 /* UseCase */ = {
			isa = PBXGroup;
			children = (
				0A0A1A050000000000000001 /* RequestPhotoAccessUseCase.swift */,
				0A0A1A060000000000000001 /* LoadScreenshotsUseCase.swift */,
				0A0A1A170000000000000001 /* RecognizeScreenshotTextUseCase.swift */,
				0A0A1A1A0000000000000001 /* CategorizeScreenshotUseCase.swift */,
			);
			path = UseCase;
			sourceTree = "<group>";
		};
		0A0A1C060000000000000001 /* ViewModel */ = {
			isa = PBXGroup;
			children = (
				0A0A1A070000000000000001 /* TriageViewModel.swift */,
			);
			path = ViewModel;
			sourceTree = "<group>";
		};
		0A0A1C070000000000000001 /* View */ = {
			isa = PBXGroup;
			children = (
				0A0A1A080000000000000001 /* TriageView.swift */,
				0A0A1A090000000000000001 /* ScreenshotThumbnailView.swift */,
			);
			path = View;
			sourceTree = "<group>";
		};
		0A0A1C080000000000000001 /* Router */ = {
			isa = PBXGroup;
			children = (
				0A0A1A100000000000000001 /* TriageRouter.swift */,
			);
			path = Router;
			sourceTree = "<group>";
		};
		0A0A1C090000000000000001 /* Composition */ = {
			isa = PBXGroup;
			children = (
				0A0A1A110000000000000001 /* TriageComposition.swift */,
			);
			path = Composition;
			sourceTree = "<group>";
		};
		0A0A1C0A0000000000000001 /* Store */ = {
			isa = PBXGroup;
			children = (
				0A0A1A180000000000000001 /* OCRStore.swift */,
			);
			path = Store;
			sourceTree = "<group>";
		};
		0A0A1C100000000000000001 /* Common */ = {
			isa = PBXGroup;
			children = (
				0A0A1C110000000000000001 /* DesignSystem */,
			);
			path = Common;
			sourceTree = "<group>";
		};
		0A0A1C110000000000000001 /* DesignSystem */ = {
			isa = PBXGroup;
			children = (
				0A0A1A120000000000000001 /* Strings.swift */,
				0A0A1A130000000000000001 /* Spacing.swift */,
			);
			path = DesignSystem;
			sourceTree = "<group>";
		};
		0A0A0E0B0000000000000001 /* SnapTriageTests */ = {
			isa = PBXGroup;
			children = (
				0A0A0E0C0000000000000001 /* Support */,
				0A0A0D030000000000000001 /* CategorizeScreenshotUseCaseTests.swift */,
				0A0A0D040000000000000001 /* HeuristicScreenshotCategorizerTests.swift */,
			);
			path = SnapTriageTests;
			sourceTree = "<group>";
		};
		0A0A0E0C0000000000000001 /* Support */ = {
			isa = PBXGroup;
			children = (
				0A0A0D010000000000000001 /* TestTags.swift */,
				0A0A0D020000000000000001 /* CategorizerTestDoubles.swift */,
			);
			path = Support;
			sourceTree = "<group>";
		};
/* End PBXGroup section */

/* Begin PBXNativeTarget section */
		0A0A00400000000000000001 /* SnapTriage */ = {
			isa = PBXNativeTarget;
			buildConfigurationList = 0A0A00600000000000000001 /* Build configuration list for PBXNativeTarget "SnapTriage" */;
			buildPhases = (
				0A0A00500000000000000001 /* Sources */,
				0A0A00200000000000000001 /* Frameworks */,
				0A0A00510000000000000001 /* Resources */,
			);
			buildRules = (
			);
			dependencies = (
			);
			name = SnapTriage;
			productName = SnapTriage;
			productReference = 0A0A00130000000000000001 /* SnapTriage.app */;
			productType = "com.apple.product-type.application";
		};
		0A0A0E020000000000000001 /* SnapTriageTests */ = {
			isa = PBXNativeTarget;
			buildConfigurationList = 0A0A0E060000000000000001 /* Build configuration list for PBXNativeTarget "SnapTriageTests" */;
			buildPhases = (
				0A0A0E030000000000000001 /* Sources */,
				0A0A0E040000000000000001 /* Frameworks */,
				0A0A0E050000000000000001 /* Resources */,
			);
			buildRules = (
			);
			dependencies = (
				0A0A0E0A0000000000000001 /* PBXTargetDependency */,
			);
			name = SnapTriageTests;
			productName = SnapTriageTests;
			productReference = 0A0A0E000000000000000001 /* SnapTriageTests.xctest */;
			productType = "com.apple.product-type.bundle.unit-test";
		};
/* End PBXNativeTarget section */

/* Begin PBXProject section */
		0A0A00410000000000000001 /* Project object */ = {
			isa = PBXProject;
			attributes = {
				BuildIndependentTargetsInParallel = 1;
				LastSwiftUpdateCheck = 1600;
				LastUpgradeCheck = 1600;
				TargetAttributes = {
					0A0A00400000000000000001 = {
						CreatedOnToolsVersion = 16.0;
					};
					0A0A0E020000000000000001 = {
						CreatedOnToolsVersion = 16.0;
						TestTargetID = 0A0A00400000000000000001;
					};
				};
			};
			buildConfigurationList = 0A0A00610000000000000001 /* Build configuration list for PBXProject "SnapTriage" */;
			compatibilityVersion = "Xcode 14.0";
			developmentRegion = en;
			hasScannedForEncodings = 0;
			knownRegions = (
				en,
				Base,
			);
			mainGroup = 0A0A00300000000000000001;
			productRefGroup = 0A0A00320000000000000001 /* Products */;
			projectDirPath = "";
			projectRoot = "";
			targets = (
				0A0A00400000000000000001 /* SnapTriage */,
				0A0A0E020000000000000001 /* SnapTriageTests */,
			);
		};
/* End PBXProject section */

/* Begin PBXResourcesBuildPhase section */
		0A0A00510000000000000001 /* Resources */ = {
			isa = PBXResourcesBuildPhase;
			buildActionMask = 2147483647;
			files = (
				0A0A00030000000000000001 /* Assets.xcassets in Resources */,
			);
			runOnlyForDeploymentPostprocessing = 0;
		};
		0A0A0E050000000000000001 /* Resources */ = {
			isa = PBXResourcesBuildPhase;
			buildActionMask = 2147483647;
			files = (
			);
			runOnlyForDeploymentPostprocessing = 0;
		};
/* End PBXResourcesBuildPhase section */

/* Begin PBXSourcesBuildPhase section */
		0A0A00500000000000000001 /* Sources */ = {
			isa = PBXSourcesBuildPhase;
			buildActionMask = 2147483647;
			files = (
				0A0A00010000000000000001 /* SnapTriageApp.swift in Sources */,
				0A0A00020000000000000001 /* ContentView.swift in Sources */,
				0A0A1B010000000000000001 /* Screenshot.swift in Sources */,
				0A0A1B020000000000000001 /* PhotoLibraryAuthorization.swift in Sources */,
				0A0A1B030000000000000001 /* TriageError.swift in Sources */,
				0A0A1B040000000000000001 /* PhotoLibraryService.swift in Sources */,
				0A0A1B050000000000000001 /* RequestPhotoAccessUseCase.swift in Sources */,
				0A0A1B060000000000000001 /* LoadScreenshotsUseCase.swift in Sources */,
				0A0A1B070000000000000001 /* TriageViewModel.swift in Sources */,
				0A0A1B080000000000000001 /* TriageView.swift in Sources */,
				0A0A1B090000000000000001 /* ScreenshotThumbnailView.swift in Sources */,
				0A0A1B100000000000000001 /* TriageRouter.swift in Sources */,
				0A0A1B110000000000000001 /* TriageComposition.swift in Sources */,
				0A0A1B120000000000000001 /* Strings.swift in Sources */,
				0A0A1B130000000000000001 /* Spacing.swift in Sources */,
				0A0A1B140000000000000001 /* OCRLine.swift in Sources */,
				0A0A1B150000000000000001 /* OCRResult.swift in Sources */,
				0A0A1B160000000000000001 /* TextRecognitionService.swift in Sources */,
				0A0A1B170000000000000001 /* RecognizeScreenshotTextUseCase.swift in Sources */,
				0A0A1B180000000000000001 /* OCRStore.swift in Sources */,
				0A0A1B190000000000000001 /* ScreenshotCategory.swift in Sources */,
				0A0A1B1B0000000000000001 /* ScreenshotCategorizer.swift in Sources */,
				0A0A1B1C0000000000000001 /* FoundationModelScreenshotCategorizer.swift in Sources */,
				0A0A1B1D0000000000000001 /* FallbackScreenshotCategorizer.swift in Sources */,
				0A0A1B1E0000000000000001 /* ImageContentClassifier.swift in Sources */,
				0A0A1B1A0000000000000001 /* CategorizeScreenshotUseCase.swift in Sources */,
			);
			runOnlyForDeploymentPostprocessing = 0;
		};
		0A0A0E030000000000000001 /* Sources */ = {
			isa = PBXSourcesBuildPhase;
			buildActionMask = 2147483647;
			files = (
				0A0A0D810000000000000001 /* TestTags.swift in Sources */,
				0A0A0D820000000000000001 /* CategorizerTestDoubles.swift in Sources */,
				0A0A0D830000000000000001 /* CategorizeScreenshotUseCaseTests.swift in Sources */,
				0A0A0D840000000000000001 /* HeuristicScreenshotCategorizerTests.swift in Sources */,
			);
			runOnlyForDeploymentPostprocessing = 0;
		};
/* End PBXSourcesBuildPhase section */

/* Begin XCBuildConfiguration section */
		0A0A00700000000000000001 /* Debug */ = {
			isa = XCBuildConfiguration;
			buildSettings = {
				ALWAYS_SEARCH_USER_PATHS = NO;
				ASSETCATALOG_COMPILER_GENERATE_SWIFT_ASSET_SYMBOL_EXTENSIONS = YES;
				CLANG_ANALYZER_NONNULL = YES;
				CLANG_ANALYZER_NUMBER_OBJECT_CONVERSION = YES_AGGRESSIVE;
				CLANG_CXX_LANGUAGE_STANDARD = "gnu++20";
				CLANG_ENABLE_MODULES = YES;
				CLANG_ENABLE_OBJC_ARC = YES;
				CLANG_ENABLE_OBJC_WEAK = YES;
				CLANG_WARN_BLOCK_CAPTURE_AUTORELEASING = YES;
				CLANG_WARN_BOOL_CONVERSION = YES;
				CLANG_WARN_COMMA = YES;
				CLANG_WARN_CONSTANT_CONVERSION = YES;
				CLANG_WARN_DEPRECATED_OBJC_IMPLEMENTATIONS = YES;
				CLANG_WARN_DIRECT_OBJC_ISA_USAGE = YES_ERROR;
				CLANG_WARN_DOCUMENTATION_COMMENTS = YES;
				CLANG_WARN_EMPTY_BODY = YES;
				CLANG_WARN_ENUM_CONVERSION = YES;
				CLANG_WARN_INFINITE_RECURSION = YES;
				CLANG_WARN_INT_CONVERSION = YES;
				CLANG_WARN_NON_LITERAL_NULL_CONVERSION = YES;
				CLANG_WARN_OBJC_IMPLICIT_RETAIN_SELF = YES;
				CLANG_WARN_OBJC_LITERAL_CONVERSION = YES;
				CLANG_WARN_OBJC_ROOT_CLASS = YES_ERROR;
				CLANG_WARN_QUOTED_INCLUDE_IN_FRAMEWORK_HEADER = YES;
				CLANG_WARN_RANGE_LOOP_ANALYSIS = YES;
				CLANG_WARN_STRICT_PROTOTYPES = YES;
				CLANG_WARN_SUSPICIOUS_MOVE = YES;
				CLANG_WARN_UNGUARDED_AVAILABILITY = YES_AGGRESSIVE;
				CLANG_WARN_UNREACHABLE_CODE = YES;
				CLANG_WARN__DUPLICATE_METHOD_MATCH = YES;
				COPY_PHASE_STRIP = NO;
				DEBUG_INFORMATION_FORMAT = dwarf;
				ENABLE_STRICT_OBJC_MSGSEND = YES;
				ENABLE_TESTABILITY = YES;
				ENABLE_USER_SCRIPT_SANDBOXING = YES;
				GCC_C_LANGUAGE_STANDARD = gnu17;
				GCC_DYNAMIC_NO_PIC = NO;
				GCC_NO_COMMON_BLOCKS = YES;
				GCC_OPTIMIZATION_LEVEL = 0;
				GCC_PREPROCESSOR_DEFINITIONS = (
					"DEBUG=1",
					"$(inherited)",
				);
				GCC_WARN_64_TO_32_BIT_CONVERSION = YES;
				GCC_WARN_ABOUT_RETURN_TYPE = YES_ERROR;
				GCC_WARN_UNDECLARED_SELECTOR = YES;
				GCC_WARN_UNINITIALIZED_AUTOS = YES_AGGRESSIVE;
				GCC_WARN_UNUSED_FUNCTION = YES;
				GCC_WARN_UNUSED_VARIABLE = YES;
				IPHONEOS_DEPLOYMENT_TARGET = 18.0;
				LOCALIZATION_PREFERS_STRING_CATALOGS = YES;
				MTL_ENABLE_DEBUG_INFO = INCLUDE_SOURCE;
				MTL_FAST_MATH = YES;
				ONLY_ACTIVE_ARCH = YES;
				SDKROOT = iphoneos;
				SWIFT_ACTIVE_COMPILATION_CONDITIONS = "DEBUG $(inherited)";
				SWIFT_OPTIMIZATION_LEVEL = "-Onone";
			};
			name = Debug;
		};
		0A0A00710000000000000001 /* Release */ = {
			isa = XCBuildConfiguration;
			buildSettings = {
				ALWAYS_SEARCH_USER_PATHS = NO;
				ASSETCATALOG_COMPILER_GENERATE_SWIFT_ASSET_SYMBOL_EXTENSIONS = YES;
				CLANG_ANALYZER_NONNULL = YES;
				CLANG_ANALYZER_NUMBER_OBJECT_CONVERSION = YES_AGGRESSIVE;
				CLANG_CXX_LANGUAGE_STANDARD = "gnu++20";
				CLANG_ENABLE_MODULES = YES;
				CLANG_ENABLE_OBJC_ARC = YES;
				CLANG_ENABLE_OBJC_WEAK = YES;
				CLANG_WARN_BLOCK_CAPTURE_AUTORELEASING = YES;
				CLANG_WARN_BOOL_CONVERSION = YES;
				CLANG_WARN_COMMA = YES;
				CLANG_WARN_CONSTANT_CONVERSION = YES;
				CLANG_WARN_DEPRECATED_OBJC_IMPLEMENTATIONS = YES;
				CLANG_WARN_DIRECT_OBJC_ISA_USAGE = YES_ERROR;
				CLANG_WARN_DOCUMENTATION_COMMENTS = YES;
				CLANG_WARN_EMPTY_BODY = YES;
				CLANG_WARN_ENUM_CONVERSION = YES;
				CLANG_WARN_INFINITE_RECURSION = YES;
				CLANG_WARN_INT_CONVERSION = YES;
				CLANG_WARN_NON_LITERAL_NULL_CONVERSION = YES;
				CLANG_WARN_OBJC_IMPLICIT_RETAIN_SELF = YES;
				CLANG_WARN_OBJC_LITERAL_CONVERSION = YES;
				CLANG_WARN_OBJC_ROOT_CLASS = YES_ERROR;
				CLANG_WARN_QUOTED_INCLUDE_IN_FRAMEWORK_HEADER = YES;
				CLANG_WARN_RANGE_LOOP_ANALYSIS = YES;
				CLANG_WARN_STRICT_PROTOTYPES = YES;
				CLANG_WARN_SUSPICIOUS_MOVE = YES;
				CLANG_WARN_UNGUARDED_AVAILABILITY = YES_AGGRESSIVE;
				CLANG_WARN_UNREACHABLE_CODE = YES;
				CLANG_WARN__DUPLICATE_METHOD_MATCH = YES;
				COPY_PHASE_STRIP = NO;
				DEBUG_INFORMATION_FORMAT = "dwarf-with-dsym";
				ENABLE_NS_ASSERTIONS = NO;
				ENABLE_STRICT_OBJC_MSGSEND = YES;
				ENABLE_USER_SCRIPT_SANDBOXING = YES;
				GCC_C_LANGUAGE_STANDARD = gnu17;
				GCC_NO_COMMON_BLOCKS = YES;
				GCC_WARN_64_TO_32_BIT_CONVERSION = YES;
				GCC_WARN_ABOUT_RETURN_TYPE = YES_ERROR;
				GCC_WARN_UNDECLARED_SELECTOR = YES;
				GCC_WARN_UNINITIALIZED_AUTOS = YES_AGGRESSIVE;
				GCC_WARN_UNUSED_FUNCTION = YES;
				GCC_WARN_UNUSED_VARIABLE = YES;
				IPHONEOS_DEPLOYMENT_TARGET = 18.0;
				LOCALIZATION_PREFERS_STRING_CATALOGS = YES;
				MTL_ENABLE_DEBUG_INFO = NO;
				MTL_FAST_MATH = YES;
				SDKROOT = iphoneos;
				SWIFT_COMPILATION_MODE = wholemodule;
				VALIDATE_PRODUCT = YES;
			};
			name = Release;
		};
		0A0A00720000000000000001 /* Debug */ = {
			isa = XCBuildConfiguration;
			buildSettings = {
				ASSETCATALOG_COMPILER_APPICON_NAME = AppIcon;
				ASSETCATALOG_COMPILER_GLOBAL_ACCENT_COLOR_NAME = AccentColor;
				CODE_SIGN_STYLE = Automatic;
				CURRENT_PROJECT_VERSION = 1;
				DEVELOPMENT_ASSET_PATHS = "";
				DEVELOPMENT_TEAM = 5Q2G7C7C3U;
				ENABLE_PREVIEWS = YES;
				GENERATE_INFOPLIST_FILE = YES;
				INFOPLIST_KEY_CFBundleDisplayName = SnapTriage;
				INFOPLIST_KEY_NSHumanReadableCopyright = "";
				INFOPLIST_KEY_NSPhotoLibraryUsageDescription = "SnapTriage reads your screenshots so it can help you review, keep, or delete them. Your photos never leave your device.";
				INFOPLIST_KEY_UIApplicationSceneManifest_Generation = YES;
				INFOPLIST_KEY_UIApplicationSupportsIndirectInputEvents = YES;
				INFOPLIST_KEY_UILaunchScreen_Generation = YES;
				INFOPLIST_KEY_UISupportedInterfaceOrientations_iPad = "UIInterfaceOrientationPortrait UIInterfaceOrientationPortraitUpsideDown UIInterfaceOrientationLandscapeLeft UIInterfaceOrientationLandscapeRight";
				INFOPLIST_KEY_UISupportedInterfaceOrientations_iPhone = "UIInterfaceOrientationPortrait UIInterfaceOrientationLandscapeLeft UIInterfaceOrientationLandscapeRight";
				LD_RUNPATH_SEARCH_PATHS = (
					"$(inherited)",
					"@executable_path/Frameworks",
				);
				MARKETING_VERSION = 1.0;
				PRODUCT_BUNDLE_IDENTIFIER = dev.vishwaiosdev.SnapTriage;
				PRODUCT_NAME = "$(TARGET_NAME)";
				SWIFT_EMIT_LOC_STRINGS = YES;
				SWIFT_VERSION = 5.0;
				TARGETED_DEVICE_FAMILY = "1,2";
			};
			name = Debug;
		};
		0A0A00730000000000000001 /* Release */ = {
			isa = XCBuildConfiguration;
			buildSettings = {
				ASSETCATALOG_COMPILER_APPICON_NAME = AppIcon;
				ASSETCATALOG_COMPILER_GLOBAL_ACCENT_COLOR_NAME = AccentColor;
				CODE_SIGN_STYLE = Automatic;
				CURRENT_PROJECT_VERSION = 1;
				DEVELOPMENT_ASSET_PATHS = "";
				DEVELOPMENT_TEAM = 5Q2G7C7C3U;
				ENABLE_PREVIEWS = YES;
				GENERATE_INFOPLIST_FILE = YES;
				INFOPLIST_KEY_CFBundleDisplayName = SnapTriage;
				INFOPLIST_KEY_NSHumanReadableCopyright = "";
				INFOPLIST_KEY_NSPhotoLibraryUsageDescription = "SnapTriage reads your screenshots so it can help you review, keep, or delete them. Your photos never leave your device.";
				INFOPLIST_KEY_UIApplicationSceneManifest_Generation = YES;
				INFOPLIST_KEY_UIApplicationSupportsIndirectInputEvents = YES;
				INFOPLIST_KEY_UILaunchScreen_Generation = YES;
				INFOPLIST_KEY_UISupportedInterfaceOrientations_iPad = "UIInterfaceOrientationPortrait UIInterfaceOrientationPortraitUpsideDown UIInterfaceOrientationLandscapeLeft UIInterfaceOrientationLandscapeRight";
				INFOPLIST_KEY_UISupportedInterfaceOrientations_iPhone = "UIInterfaceOrientationPortrait UIInterfaceOrientationLandscapeLeft UIInterfaceOrientationLandscapeRight";
				LD_RUNPATH_SEARCH_PATHS = (
					"$(inherited)",
					"@executable_path/Frameworks",
				);
				MARKETING_VERSION = 1.0;
				PRODUCT_BUNDLE_IDENTIFIER = dev.vishwaiosdev.SnapTriage;
				PRODUCT_NAME = "$(TARGET_NAME)";
				SWIFT_EMIT_LOC_STRINGS = YES;
				SWIFT_VERSION = 5.0;
				TARGETED_DEVICE_FAMILY = "1,2";
			};
			name = Release;
		};
		0A0A0E070000000000000001 /* Debug */ = {
			isa = XCBuildConfiguration;
			buildSettings = {
				BUNDLE_LOADER = "$(TEST_HOST)";
				CODE_SIGN_STYLE = Automatic;
				CURRENT_PROJECT_VERSION = 1;
				DEVELOPMENT_TEAM = 5Q2G7C7C3U;
				GENERATE_INFOPLIST_FILE = YES;
				IPHONEOS_DEPLOYMENT_TARGET = 18.0;
				MARKETING_VERSION = 1.0;
				PRODUCT_BUNDLE_IDENTIFIER = dev.vishwaiosdev.SnapTriageTests;
				PRODUCT_NAME = "$(TARGET_NAME)";
				SWIFT_VERSION = 5.0;
				TARGETED_DEVICE_FAMILY = "1,2";
				TEST_HOST = "$(BUILT_PRODUCTS_DIR)/SnapTriage.app/SnapTriage";
			};
			name = Debug;
		};
		0A0A0E080000000000000001 /* Release */ = {
			isa = XCBuildConfiguration;
			buildSettings = {
				BUNDLE_LOADER = "$(TEST_HOST)";
				CODE_SIGN_STYLE = Automatic;
				CURRENT_PROJECT_VERSION = 1;
				DEVELOPMENT_TEAM = 5Q2G7C7C3U;
				GENERATE_INFOPLIST_FILE = YES;
				IPHONEOS_DEPLOYMENT_TARGET = 18.0;
				MARKETING_VERSION = 1.0;
				PRODUCT_BUNDLE_IDENTIFIER = dev.vishwaiosdev.SnapTriageTests;
				PRODUCT_NAME = "$(TARGET_NAME)";
				SWIFT_VERSION = 5.0;
				TARGETED_DEVICE_FAMILY = "1,2";
				TEST_HOST = "$(BUILT_PRODUCTS_DIR)/SnapTriage.app/SnapTriage";
			};
			name = Release;
		};
/* End XCBuildConfiguration section */

/* Begin XCConfigurationList section */
		0A0A00600000000000000001 /* Build configuration list for PBXNativeTarget "SnapTriage" */ = {
			isa = XCConfigurationList;
			buildConfigurations = (
				0A0A00720000000000000001 /* Debug */,
				0A0A00730000000000000001 /* Release */,
			);
			defaultConfigurationIsVisible = 0;
			defaultConfigurationName = Release;
		};
		0A0A00610000000000000001 /* Build configuration list for PBXProject "SnapTriage" */ = {
			isa = XCConfigurationList;
			buildConfigurations = (
				0A0A00700000000000000001 /* Debug */,
				0A0A00710000000000000001 /* Release */,
			);
			defaultConfigurationIsVisible = 0;
			defaultConfigurationName = Release;
		};
		0A0A0E060000000000000001 /* Build configuration list for PBXNativeTarget "SnapTriageTests" */ = {
			isa = XCConfigurationList;
			buildConfigurations = (
				0A0A0E070000000000000001 /* Debug */,
				0A0A0E080000000000000001 /* Release */,
			);
			defaultConfigurationIsVisible = 0;
			defaultConfigurationName = Release;
		};
/* End XCConfigurationList section */
	};
	rootObject = 0A0A00410000000000000001 /* Project object */;
}
